// !$*UTF8*$!
{
	archiveVersion = 1;
	classes = {
	};
	objectVersion = 45;
	objects = {

/* Begin PBXBuildFile section */
		1DDD58160DA1D0A300B32029 /* MainMenu.xib in Resources */ = {isa = PBXBuildFile; fileRef = 1DDD58140DA1D0A300B32029 /* MainMenu.xib */; };
		256AC3DA0F4B6AC300CF3369 /* BenchmarkMacAppDelegate.m in Sources */ = {isa = PBXBuildFile; fileRef = 256AC3D90F4B6AC300CF3369 /* BenchmarkMacAppDelegate.m */; };
		8D11072B0486CEB800E47090 /* InfoPlist.strings in Resources */ = {isa = PBXBuildFile; fileRef = 089C165CFE840E0CC02AAC07 /* InfoPlist.strings */; };
		8D11072D0486CEB800E47090 /* main.m in Sources */ = {isa = PBXBuildFile; fileRef = 29B97316FDCFA39411CA2CEA /* main.m */; settings = {ATTRIBUTES = (); }; };
		8D11072F0486CEB800E47090 /* Cocoa.framework in Frameworks */ = {isa = PBXBuildFile; fileRef = 1058C7A1FEA54F0111CA2CBB /* Cocoa.framework */; };
		DC624CE1120112520011E58C /* DDASLLogger.m in Sources */ = {isa = PBXBuildFile; fileRef = DC624CE0120112520011E58C /* DDASLLogger.m */; };
		DC624D011201399A0011E58C /* DDTTYLogger.m in Sources */ = {isa = PBXBuildFile; fileRef = DC624D001201399A0011E58C /* DDTTYLogger.m */; };
		DC7477401202A41700A55869 /* DDConsole2Logger.m in Sources */ = {isa = PBXBuildFile; fileRef = DC74773D1202A41700A55869 /* DDConsole2Logger.m */; };
		DC7477411202A41700A55869 /* DDConsoleLogger.m in Sources */ = {isa = PBXBuildFile; fileRef = DC74773F1202A41700A55869 /* DDConsoleLogger.m */; };
		DC987C24119292940020FF52 /* DDFileLogger.m in Sources */ = {isa = PBXBuildFile; fileRef = DC987C1E119292940020FF52 /* DDFileLogger.m */; };
		DC987C25119292940020FF52 /* DDLog.m in Sources */ = {isa = PBXBuildFile; fileRef = DC987C20119292940020FF52 /* DDLog.m */; };
		DC987C30119292B20020FF52 /* BaseNSLogging.m in Sources */ = {isa = PBXBuildFile; fileRef = DC987C29119292B20020FF52 /* BaseNSLogging.m */; };
		DC987C31119292B20020FF52 /* DynamicLogging.m in Sources */ = {isa = PBXBuildFile; fileRef = DC987C2B119292B20020FF52 /* DynamicLogging.m */; };
		DC987C32119292B20020FF52 /* PerformanceTesting.m in Sources */ = {isa = PBXBuildFile; fileRef = DC987C2D119292B20020FF52 /* PerformanceTesting.m */; };
		DC987C33119292B20020FF52 /* StaticLogging.m in Sources */ = {isa = PBXBuildFile; fileRef = DC987C2F119292B20020FF52 /* StaticLogging.m */; };
/* End PBXBuildFile section */

/* Begin PBXFileReference section */
		089C165DFE840E0CC02AAC07 /* English */ = {isa = PBXFileReference; fileEncoding = 4; lastKnownFileType = text.plist.strings; name = English; path = English.lproj/InfoPlist.strings; sourceTree = "<group>"; };
		1058C7A1FEA54F0111CA2CBB /* Cocoa.framework */ = {isa = PBXFileReference; lastKnownFileType = wrapper.framework; name = Cocoa.framework; path = /System/Library/Frameworks/Cocoa.framework; sourceTree = "<absolute>"; };
		13E42FB307B3F0F600E4EEF1 /* CoreData.framework */ = {isa = PBXFileReference; lastKnownFileType = wrapper.framework; name = CoreData.framework; path = /System/Library/Frameworks/CoreData.framework; sourceTree = "<absolute>"; };
		1DDD58150DA1D0A300B32029 /* English */ = {isa = PBXFileReference; lastKnownFileType = file.xib; name = English; path = English.lproj/MainMenu.xib; sourceTree = "<group>"; };
		256AC3D80F4B6AC300CF3369 /* BenchmarkMacAppDelegate.h */ = {isa = PBXFileReference; fileEncoding = 4; lastKnownFileType = sourcecode.c.h; path = BenchmarkMacAppDelegate.h; sourceTree = "<group>"; };
		256AC3D90F4B6AC300CF3369 /* BenchmarkMacAppDelegate.m */ = {isa = PBXFileReference; fileEncoding = 4; lastKnownFileType = sourcecode.c.objc; path = BenchmarkMacAppDelegate.m; sourceTree = "<group>"; };
		256AC3F00F4B6AF500CF3369 /* BenchmarkMac_Prefix.pch */ = {isa = PBXFileReference; fileEncoding = 4; lastKnownFileType = sourcecode.c.h; path = BenchmarkMac_Prefix.pch; sourceTree = "<group>"; };
		29B97316FDCFA39411CA2CEA /* main.m */ = {isa = PBXFileReference; fileEncoding = 4; lastKnownFileType = sourcecode.c.objc; path = main.m; sourceTree = "<group>"; };
		29B97324FDCFA39411CA2CEA /* AppKit.framework */ = {isa = PBXFileReference; lastKnownFileType = wrapper.framework; name = AppKit.framework; path = /System/Library/Frameworks/AppKit.framework; sourceTree = "<absolute>"; };
		29B97325FDCFA39411CA2CEA /* Foundation.framework */ = {isa = PBXFileReference; lastKnownFileType = wrapper.framework; name = Foundation.framework; path = /System/Library/Frameworks/Foundation.framework; sourceTree = "<absolute>"; };
		8D1107310486CEB800E47090 /* BenchmarkMac-Info.plist */ = {isa = PBXFileReference; fileEncoding = 4; lastKnownFileType = text.plist.xml; path = "BenchmarkMac-Info.plist"; sourceTree = "<group>"; };
		8D1107320486CEB800E47090 /* BenchmarkMac.app */ = {isa = PBXFileReference; explicitFileType = wrapper.application; includeInIndex = 0; path = BenchmarkMac.app; sourceTree = BUILT_PRODUCTS_DIR; };
		DC624CDF120112520011E58C /* DDASLLogger.h */ = {isa = PBXFileReference; fileEncoding = 4; lastKnownFileType = sourcecode.c.h; name = DDASLLogger.h; path = ../../Lumberjack/DDASLLogger.h; sourceTree = "<group>"; };
		DC624CE0120112520011E58C /* DDASLLogger.m */ = {isa = PBXFileReference; fileEncoding = 4; lastKnownFileType = sourcecode.c.objc; name = DDASLLogger.m; path = ../../Lumberjack/DDASLLogger.m; sourceTree = "<group>"; };
		DC624CFF1201399A0011E58C /* DDTTYLogger.h */ = {isa = PBXFileReference; fileEncoding = 4; lastKnownFileType = sourcecode.c.h; name = DDTTYLogger.h; path = ../../Lumberjack/DDTTYLogger.h; sourceTree = "<group>"; };
		DC624D001201399A0011E58C /* DDTTYLogger.m */ = {isa = PBXFileReference; fileEncoding = 4; lastKnownFileType = sourcecode.c.objc; name = DDTTYLogger.m; path = ../../Lumberjack/DDTTYLogger.m; sourceTree = "<group>"; };
		DC74773C1202A41700A55869 /* DDConsole2Logger.h */ = {isa = PBXFileReference; fileEncoding = 4; lastKnownFileType = sourcecode.c.h; name = DDConsole2Logger.h; path = ../../Lumberjack/DDConsole2Logger.h; sourceTree = SOURCE_ROOT; };
		DC74773D1202A41700A55869 /* DDConsole2Logger.m */ = {isa = PBXFileReference; fileEncoding = 4; lastKnownFileType = sourcecode.c.objc; name = DDConsole2Logger.m; path = ../../Lumberjack/DDConsole2Logger.m; sourceTree = SOURCE_ROOT; };
		DC74773E1202A41700A55869 /* DDConsoleLogger.h */ = {isa = PBXFileReference; fileEncoding = 4; lastKnownFileType = sourcecode.c.h; name = DDConsoleLogger.h; path = ../../Lumberjack/DDConsoleLogger.h; sourceTree = SOURCE_ROOT; };
		DC74773F1202A41700A55869 /* DDConsoleLogger.m */ = {isa = PBXFileReference; fileEncoding = 4; lastKnownFileType = sourcecode.c.objc; name = DDConsoleLogger.m; path = ../../Lumberjack/DDConsoleLogger.m; sourceTree = SOURCE_ROOT; };
		DC987C1D119292940020FF52 /* DDFileLogger.h */ = {isa = PBXFileReference; fileEncoding = 4; lastKnownFileType = sourcecode.c.h; name = DDFileLogger.h; path = ../../Lumberjack/DDFileLogger.h; sourceTree = SOURCE_ROOT; };
		DC987C1E119292940020FF52 /* DDFileLogger.m */ = {isa = PBXFileReference; fileEncoding = 4; lastKnownFileType = sourcecode.c.objc; name = DDFileLogger.m; path = ../../Lumberjack/DDFileLogger.m; sourceTree = SOURCE_ROOT; };
		DC987C1F119292940020FF52 /* DDLog.h */ = {isa = PBXFileReference; fileEncoding = 4; lastKnownFileType = sourcecode.c.h; name = DDLog.h; path = ../../Lumberjack/DDLog.h; sourceTree = SOURCE_ROOT; };
		DC987C20119292940020FF52 /* DDLog.m */ = {isa = PBXFileReference; fileEncoding = 4; lastKnownFileType = sourcecode.c.objc; name = DDLog.m; path = ../../Lumberjack/DDLog.m; sourceTree = SOURCE_ROOT; };
		DC987C28119292B20020FF52 /* BaseNSLogging.h */ = {isa = PBXFileReference; fileEncoding = 4; lastKnownFileType = sourcecode.c.h; name = BaseNSLogging.h; path = ../../Benchmarking/BaseNSLogging.h; sourceTree = SOURCE_ROOT; };
		DC987C29119292B20020FF52 /* BaseNSLogging.m */ = {isa = PBXFileReference; fileEncoding = 4; lastKnownFileType = sourcecode.c.objc; name = BaseNSLogging.m; path = ../../Benchmarking/BaseNSLogging.m; sourceTree = SOURCE_ROOT; };
		DC987C2A119292B20020FF52 /* DynamicLogging.h */ = {isa = PBXFileReference; fileEncoding = 4; lastKnownFileType = sourcecode.c.h; name = DynamicLogging.h; path = ../../Benchmarking/DynamicLogging.h; sourceTree = SOURCE_ROOT; };
		DC987C2B119292B20020FF52 /* DynamicLogging.m */ = {isa = PBXFileReference; fileEncoding = 4; lastKnownFileType = sourcecode.c.objc; name = DynamicLogging.m; path = ../../Benchmarking/DynamicLogging.m; sourceTree = SOURCE_ROOT; };
		DC987C2C119292B20020FF52 /* PerformanceTesting.h */ = {isa = PBXFileReference; fileEncoding = 4; lastKnownFileType = sourcecode.c.h; name = PerformanceTesting.h; path = ../../Benchmarking/PerformanceTesting.h; sourceTree = SOURCE_ROOT; };
		DC987C2D119292B20020FF52 /* PerformanceTesting.m */ = {isa = PBXFileReference; fileEncoding = 4; lastKnownFileType = sourcecode.c.objc; name = PerformanceTesting.m; path = ../../Benchmarking/PerformanceTesting.m; sourceTree = SOURCE_ROOT; };
		DC987C2E119292B20020FF52 /* StaticLogging.h */ = {isa = PBXFileReference; fileEncoding = 4; lastKnownFileType = sourcecode.c.h; name = StaticLogging.h; path = ../../Benchmarking/StaticLogging.h; sourceTree = SOURCE_ROOT; };
		DC987C2F119292B20020FF52 /* StaticLogging.m */ = {isa = PBXFileReference; fileEncoding = 4; lastKnownFileType = sourcecode.c.objc; name = StaticLogging.m; path = ../../Benchmarking/StaticLogging.m; sourceTree = SOURCE_ROOT; };
/* End PBXFileReference section */

/* Begin PBXFrameworksBuildPhase section */
		8D11072E0486CEB800E47090 /* Frameworks */ = {
			isa = PBXFrameworksBuildPhase;
			buildActionMask = 2147483647;
			files = (
				8D11072F0486CEB800E47090 /* Cocoa.framework in Frameworks */,
			);
			runOnlyForDeploymentPostprocessing = 0;
		};
/* End PBXFrameworksBuildPhase section */

/* Begin PBXGroup section */
		080E96DDFE201D6D7F000001 /* Classes */ = {
			isa = PBXGroup;
			children = (
				256AC3D80F4B6AC300CF3369 /* BenchmarkMacAppDelegate.h */,
				256AC3D90F4B6AC300CF3369 /* BenchmarkMacAppDelegate.m */,
			);
			name = Classes;
			sourceTree = "<group>";
		};
		1058C7A0FEA54F0111CA2CBB /* Linked Frameworks */ = {
			isa = PBXGroup;
			children = (
				1058C7A1FEA54F0111CA2CBB /* Cocoa.framework */,
			);
			name = "Linked Frameworks";
			sourceTree = "<group>";
		};
		1058C7A2FEA54F0111CA2CBB /* Other Frameworks */ = {
			isa = PBXGroup;
			children = (
				29B97324FDCFA39411CA2CEA /* AppKit.framework */,
				13E42FB307B3F0F600E4EEF1 /* CoreData.framework */,
				29B97325FDCFA39411CA2CEA /* Foundation.framework */,
			);
			name = "Other Frameworks";
			sourceTree = "<group>";
		};
		19C28FACFE9D520D11CA2CBB /* Products */ = {
			isa = PBXGroup;
			children = (
				8D1107320486CEB800E47090 /* BenchmarkMac.app */,
			);
			name = Products;
			sourceTree = "<group>";
		};
		29B97314FDCFA39411CA2CEA /* BenchmarkMac */ = {
			isa = PBXGroup;
			children = (
				DC987C18119292740020FF52 /* Logging */,
				DC987C27119292A00020FF52 /* Benchmarking */,
				080E96DDFE201D6D7F000001 /* Classes */,
				29B97315FDCFA39411CA2CEA /* Other Sources */,
				29B97317FDCFA39411CA2CEA /* Resources */,
				29B97323FDCFA39411CA2CEA /* Frameworks */,
				19C28FACFE9D520D11CA2CBB /* Products */,
			);
			name = BenchmarkMac;
			sourceTree = "<group>";
		};
		29B97315FDCFA39411CA2CEA /* Other Sources */ = {
			isa = PBXGroup;
			children = (
				256AC3F00F4B6AF500CF3369 /* BenchmarkMac_Prefix.pch */,
				29B97316FDCFA39411CA2CEA /* main.m */,
			);
			name = "Other Sources";
			sourceTree = "<group>";
		};
		29B97317FDCFA39411CA2CEA /* Resources */ = {
			isa = PBXGroup;
			children = (
				8D1107310486CEB800E47090 /* BenchmarkMac-Info.plist */,
				089C165CFE840E0CC02AAC07 /* InfoPlist.strings */,
				1DDD58140DA1D0A300B32029 /* MainMenu.xib */,
			);
			name = Resources;
			sourceTree = "<group>";
		};
		29B97323FDCFA39411CA2CEA /* Frameworks */ = {
			isa = PBXGroup;
			children = (
				1058C7A0FEA54F0111CA2CBB /* Linked Frameworks */,
				1058C7A2FEA54F0111CA2CBB /* Other Frameworks */,
			);
			name = Frameworks;
			sourceTree = "<group>";
		};
		DC987C18119292740020FF52 /* Logging */ = {
			isa = PBXGroup;
			children = (
				DC987C1F119292940020FF52 /* DDLog.h */,
				DC987C20119292940020FF52 /* DDLog.m */,
				DC74773E1202A41700A55869 /* DDConsoleLogger.h */,
				DC74773F1202A41700A55869 /* DDConsoleLogger.m */,
				DC74773C1202A41700A55869 /* DDConsole2Logger.h */,
				DC74773D1202A41700A55869 /* DDConsole2Logger.m */,
				DC624CDF120112520011E58C /* DDASLLogger.h */,
				DC624CE0120112520011E58C /* DDASLLogger.m */,
				DC624CFF1201399A0011E58C /* DDTTYLogger.h */,
				DC624D001201399A0011E58C /* DDTTYLogger.m */,
				DC987C1D119292940020FF52 /* DDFileLogger.h */,
				DC987C1E119292940020FF52 /* DDFileLogger.m */,
			);
			name = Logging;
			sourceTree = "<group>";
		};
		DC987C27119292A00020FF52 /* Benchmarking */ = {
			isa = PBXGroup;
			children = (
				DC987C2C119292B20020FF52 /* PerformanceTesting.h */,
				DC987C2D119292B20020FF52 /* PerformanceTesting.m */,
				DC987C28119292B20020FF52 /* BaseNSLogging.h */,
				DC987C29119292B20020FF52 /* BaseNSLogging.m */,
				DC987C2E119292B20020FF52 /* StaticLogging.h */,
				DC987C2F119292B20020FF52 /* StaticLogging.m */,
				DC987C2A119292B20020FF52 /* DynamicLogging.h */,
				DC987C2B119292B20020FF52 /* DynamicLogging.m */,
			);
			name = Benchmarking;
			sourceTree = "<group>";
		};
/* End PBXGroup section */

/* Begin PBXNativeTarget section */
		8D1107260486CEB800E47090 /* BenchmarkMac */ = {
			isa = PBXNativeTarget;
			buildConfigurationList = C01FCF4A08A954540054247B /* Build configuration list for PBXNativeTarget "BenchmarkMac" */;
			buildPhases = (
				8D1107290486CEB800E47090 /* Resources */,
				8D11072C0486CEB800E47090 /* Sources */,
				8D11072E0486CEB800E47090 /* Frameworks */,
			);
			buildRules = (
			);
			dependencies = (
			);
			name = BenchmarkMac;
			productInstallPath = "$(HOME)/Applications";
			productName = BenchmarkMac;
			productReference = 8D1107320486CEB800E47090 /* BenchmarkMac.app */;
			productType = "com.apple.product-type.application";
		};
/* End PBXNativeTarget section */

/* Begin PBXProject section */
		29B97313FDCFA39411CA2CEA /* Project object */ = {
			isa = PBXProject;
			buildConfigurationList = C01FCF4E08A954540054247B /* Build configuration list for PBXProject "BenchmarkMac" */;
			compatibilityVersion = "Xcode 3.1";
			hasScannedForEncodings = 1;
			mainGroup = 29B97314FDCFA39411CA2CEA /* BenchmarkMac */;
			projectDirPath = "";
			projectRoot = "";
			targets = (
				8D1107260486CEB800E47090 /* BenchmarkMac */,
			);
		};
/* End PBXProject section */

/* Begin PBXResourcesBuildPhase section */
		8D1107290486CEB800E47090 /* Resources */ = {
			isa = PBXResourcesBuildPhase;
			buildActionMask = 2147483647;
			files = (
				8D11072B0486CEB800E47090 /* InfoPlist.strings in Resources */,
				1DDD58160DA1D0A300B32029 /* MainMenu.xib in Resources */,
			);
			runOnlyForDeploymentPostprocessing = 0;
		};
/* End PBXResourcesBuildPhase section */

/* Begin PBXSourcesBuildPhase section */
		8D11072C0486CEB800E47090 /* Sources */ = {
			isa = PBXSourcesBuildPhase;
			buildActionMask = 2147483647;
			files = (
				8D11072D0486CEB800E47090 /* main.m in Sources */,
				256AC3DA0F4B6AC300CF3369 /* BenchmarkMacAppDelegate.m in Sources */,
				DC987C24119292940020FF52 /* DDFileLogger.m in Sources */,
				DC987C25119292940020FF52 /* DDLog.m in Sources */,
				DC987C30119292B20020FF52 /* BaseNSLogging.m in Sources */,
				DC987C31119292B20020FF52 /* DynamicLogging.m in Sources */,
				DC987C32119292B20020FF52 /* PerformanceTesting.m in Sources */,
				DC987C33119292B20020FF52 /* StaticLogging.m in Sources */,
				DC624CE1120112520011E58C /* DDASLLogger.m in Sources */,
				DC624D011201399A0011E58C /* DDTTYLogger.m in Sources */,
				DC7477401202A41700A55869 /* DDConsole2Logger.m in Sources */,
				DC7477411202A41700A55869 /* DDConsoleLogger.m in Sources */,
			);
			runOnlyForDeploymentPostprocessing = 0;
		};
/* End PBXSourcesBuildPhase section */

/* Begin PBXVariantGroup section */
		089C165CFE840E0CC02AAC07 /* InfoPlist.strings */ = {
			isa = PBXVariantGroup;
			children = (
				089C165DFE840E0CC02AAC07 /* English */,
			);
			name = InfoPlist.strings;
			sourceTree = "<group>";
		};
		1DDD58140DA1D0A300B32029 /* MainMenu.xib */ = {
			isa = PBXVariantGroup;
			children = (
				1DDD58150DA1D0A300B32029 /* English */,
			);
			name = MainMenu.xib;
			sourceTree = "<group>";
		};
/* End PBXVariantGroup section */

/* Begin XCBuildConfiguration section */
		C01FCF4B08A954540054247B /* Debug */ = {
			isa = XCBuildConfiguration;
			buildSettings = {
				ALWAYS_SEARCH_USER_PATHS = NO;
				COPY_PHASE_STRIP = NO;
				GCC_DYNAMIC_NO_PIC = NO;
				GCC_ENABLE_FIX_AND_CONTINUE = YES;
				GCC_MODEL_TUNING = G5;
				GCC_OPTIMIZATION_LEVEL = 0;
				GCC_PRECOMPILE_PREFIX_HEADER = YES;
				GCC_PREFIX_HEADER = BenchmarkMac_Prefix.pch;
				INFOPLIST_FILE = "BenchmarkMac-Info.plist";
				INSTALL_PATH = "$(HOME)/Applications";
				PRODUCT_NAME = BenchmarkMac;
			};
			name = Debug;
		};
		C01FCF4C08A954540054247B /* Release */ = {
			isa = XCBuildConfiguration;
			buildSettings = {
				ALWAYS_SEARCH_USER_PATHS = NO;
				DEBUG_INFORMATION_FORMAT = "dwarf-with-dsym";
				GCC_MODEL_TUNING = G5;
				GCC_PRECOMPILE_PREFIX_HEADER = YES;
				GCC_PREFIX_HEADER = BenchmarkMac_Prefix.pch;
				INFOPLIST_FILE = "BenchmarkMac-Info.plist";
				INSTALL_PATH = "$(HOME)/Applications";
				PRODUCT_NAME = BenchmarkMac;
			};
			name = Release;
		};
		C01FCF4F08A954540054247B /* Debug */ = {
			isa = XCBuildConfiguration;
			buildSettings = {
				ARCHS = "$(ARCHS_STANDARD_32_64_BIT)";
				GCC_C_LANGUAGE_STANDARD = gnu99;
				GCC_OPTIMIZATION_LEVEL = 0;
				GCC_WARN_ABOUT_RETURN_TYPE = YES;
				GCC_WARN_UNUSED_VARIABLE = YES;
				ONLY_ACTIVE_ARCH = YES;
				PREBINDING = NO;
				SDKROOT = macosx10.6;
			};
			name = Debug;
		};
		C01FCF5008A954540054247B /* Release */ = {
			isa = XCBuildConfiguration;
			buildSettings = {
				ARCHS = "$(ARCHS_STANDARD_32_64_BIT)";
				GCC_C_LANGUAGE_STANDARD = gnu99;
				GCC_WARN_ABOUT_RETURN_TYPE = YES;
				GCC_WARN_UNUSED_VARIABLE = YES;
				PREBINDING = NO;
				SDKROOT = macosx10.6;
			};
			name = Release;
		};
/* End XCBuildConfiguration section */

/* Begin XCConfigurationList section */
		C01FCF4A08A954540054247B /* Build configuration list for PBXNativeTarget "BenchmarkMac" */ = {
			isa = XCConfigurationList;
			buildConfigurations = (
				C01FCF4B08A954540054247B /* Debug */,
				C01FCF4C08A954540054247B /* Release */,
			);
			defaultConfigurationIsVisible = 0;
			defaultConfigurationName = Release;
		};
		C01FCF4E08A954540054247B /* Build configuration list for PBXProject "BenchmarkMac" */ = {
			isa = XCConfigurationList;
			buildConfigurations = (
				C01FCF4F08A954540054247B /* Debug */,
				C01FCF5008A954540054247B /* Release */,
			);
			defaultConfigurationIsVisible = 0;
			defaultConfigurationName = Release;
		};
/* End XCConfigurationList section */
	};
	rootObject = 29B97313FDCFA39411CA2CEA /* Project object */;
}
