// !$*UTF8*$!
{
	archiveVersion = 1;
	classes = {
	};
	objectVersion = 46;
	objects = {

/* Begin PBXBuildFile section */
		DC361281156E1C5B00956227 /* DDAbstractDatabaseLogger.m in Sources */ = {isa = PBXBuildFile; fileRef = DC361272156E1C5B00956227 /* DDAbstractDatabaseLogger.m */; };
		DC361282156E1C5B00956227 /* DDASLLogger.m in Sources */ = {isa = PBXBuildFile; fileRef = DC361274156E1C5B00956227 /* DDASLLogger.m */; };
		DC361283156E1C5B00956227 /* DDFileLogger.m in Sources */ = {isa = PBXBuildFile; fileRef = DC361276156E1C5B00956227 /* DDFileLogger.m */; };
		DC361284156E1C5B00956227 /* DDLog.m in Sources */ = {isa = PBXBuildFile; fileRef = DC361278156E1C5B00956227 /* DDLog.m */; };
		DC361285156E1C5B00956227 /* DDTTYLogger.m in Sources */ = {isa = PBXBuildFile; fileRef = DC36127A156E1C5B00956227 /* DDTTYLogger.m */; };
		DC361286156E1C5B00956227 /* DDContextFilterLogFormatter.m in Sources */ = {isa = PBXBuildFile; fileRef = DC36127D156E1C5B00956227 /* DDContextFilterLogFormatter.m */; };
		DC361287156E1C5B00956227 /* DDDispatchQueueLogFormatter.m in Sources */ = {isa = PBXBuildFile; fileRef = DC36127F156E1C5B00956227 /* DDDispatchQueueLogFormatter.m */; };
		DC361288156E1C5B00956227 /* README.txt in Resources */ = {isa = PBXBuildFile; fileRef = DC361280156E1C5B00956227 /* README.txt */; };
		DCAACA831565CEBD001A5857 /* Cocoa.framework in Frameworks */ = {isa = PBXBuildFile; fileRef = DCAACA821565CEBD001A5857 /* Cocoa.framework */; };
		DCAACA8D1565CEBD001A5857 /* InfoPlist.strings in Resources */ = {isa = PBXBuildFile; fileRef = DCAACA8B1565CEBD001A5857 /* InfoPlist.strings */; };
		DCAACA8F1565CEBD001A5857 /* main.m in Sources */ = {isa = PBXBuildFile; fileRef = DCAACA8E1565CEBD001A5857 /* main.m */; };
		DCAACA931565CEBD001A5857 /* Credits.rtf in Resources */ = {isa = PBXBuildFile; fileRef = DCAACA911565CEBD001A5857 /* Credits.rtf */; };
		DCAACA961565CEBD001A5857 /* AppDelegate.m in Sources */ = {isa = PBXBuildFile; fileRef = DCAACA951565CEBD001A5857 /* AppDelegate.m */; };
		DCAACA991565CEBD001A5857 /* MainMenu.xib in Resources */ = {isa = PBXBuildFile; fileRef = DCAACA971565CEBD001A5857 /* MainMenu.xib */; };
/* End PBXBuildFile section */

/* Begin PBXFileReference section */
		DC361271156E1C5B00956227 /* DDAbstractDatabaseLogger.h */ = {isa = PBXFileReference; fileEncoding = 4; lastKnownFileType = sourcecode.c.h; path = DDAbstractDatabaseLogger.h; sourceTree = "<group>"; };
		DC361272156E1C5B00956227 /* DDAbstractDatabaseLogger.m */ = {isa = PBXFileReference; fileEncoding = 4; lastKnownFileType = sourcecode.c.objc; path = DDAbstractDatabaseLogger.m; sourceTree = "<group>"; };
		DC361273156E1C5B00956227 /* DDASLLogger.h */ = {isa = PBXFileReference; fileEncoding = 4; lastKnownFileType = sourcecode.c.h; path = DDASLLogger.h; sourceTree = "<group>"; };
		DC361274156E1C5B00956227 /* DDASLLogger.m */ = {isa = PBXFileReference; fileEncoding = 4; lastKnownFileType = sourcecode.c.objc; path = DDASLLogger.m; sourceTree = "<group>"; };
		DC361275156E1C5B00956227 /* DDFileLogger.h */ = {isa = PBXFileReference; fileEncoding = 4; lastKnownFileType = sourcecode.c.h; path = DDFileLogger.h; sourceTree = "<group>"; };
		DC361276156E1C5B00956227 /* DDFileLogger.m */ = {isa = PBXFileReference; fileEncoding = 4; lastKnownFileType = sourcecode.c.objc; path = DDFileLogger.m; sourceTree = "<group>"; };
		DC361277156E1C5B00956227 /* DDLog.h */ = {isa = PBXFileReference; fileEncoding = 4; lastKnownFileType = sourcecode.c.h; path = DDLog.h; sourceTree = "<group>"; };
		DC361278156E1C5B00956227 /* DDLog.m */ = {isa = PBXFileReference; fileEncoding = 4; lastKnownFileType = sourcecode.c.objc; path = DDLog.m; sourceTree = "<group>"; };
		DC361279156E1C5B00956227 /* DDTTYLogger.h */ = {isa = PBXFileReference; fileEncoding = 4; lastKnownFileType = sourcecode.c.h; path = DDTTYLogger.h; sourceTree = "<group>"; };
		DC36127A156E1C5B00956227 /* DDTTYLogger.m */ = {isa = PBXFileReference; fileEncoding = 4; lastKnownFileType = sourcecode.c.objc; path = DDTTYLogger.m; sourceTree = "<group>"; };
		DC36127C156E1C5B00956227 /* DDContextFilterLogFormatter.h */ = {isa = PBXFileReference; fileEncoding = 4; lastKnownFileType = sourcecode.c.h; path = DDContextFilterLogFormatter.h; sourceTree = "<group>"; };
		DC36127D156E1C5B00956227 /* DDContextFilterLogFormatter.m */ = {isa = PBXFileReference; fileEncoding = 4; lastKnownFileType = sourcecode.c.objc; path = DDContextFilterLogFormatter.m; sourceTree = "<group>"; };
		DC36127E156E1C5B00956227 /* DDDispatchQueueLogFormatter.h */ = {isa = PBXFileReference; fileEncoding = 4; lastKnownFileType = sourcecode.c.h; path = DDDispatchQueueLogFormatter.h; sourceTree = "<group>"; };
		DC36127F156E1C5B00956227 /* DDDispatchQueueLogFormatter.m */ = {isa = PBXFileReference; fileEncoding = 4; lastKnownFileType = sourcecode.c.objc; path = DDDispatchQueueLogFormatter.m; sourceTree = "<group>"; };
		DC361280156E1C5B00956227 /* README.txt */ = {isa = PBXFileReference; fileEncoding = 4; lastKnownFileType = text; path = README.txt; sourceTree = "<group>"; };
		DCAACA7E1565CEBD001A5857 /* TestXcodeColors.app */ = {isa = PBXFileReference; explicitFileType = wrapper.application; includeInIndex = 0; path = TestXcodeColors.app; sourceTree = BUILT_PRODUCTS_DIR; };
		DCAACA821565CEBD001A5857 /* Cocoa.framework */ = {isa = PBXFileReference; lastKnownFileType = wrapper.framework; name = Cocoa.framework; path = System/Library/Frameworks/Cocoa.framework; sourceTree = SDKROOT; };
		DCAACA851565CEBD001A5857 /* AppKit.framework */ = {isa = PBXFileReference; lastKnownFileType = wrapper.framework; name = AppKit.framework; path = System/Library/Frameworks/AppKit.framework; sourceTree = SDKROOT; };
		DCAACA861565CEBD001A5857 /* CoreData.framework */ = {isa = PBXFileReference; lastKnownFileType = wrapper.framework; name = CoreData.framework; path = System/Library/Frameworks/CoreData.framework; sourceTree = SDKROOT; };
		DCAACA871565CEBD001A5857 /* Foundation.framework */ = {isa = PBXFileReference; lastKnownFileType = wrapper.framework; name = Foundation.framework; path = System/Library/Frameworks/Foundation.framework; sourceTree = SDKROOT; };
		DCAACA8A1565CEBD001A5857 /* TestXcodeColors-Info.plist */ = {isa = PBXFileReference; lastKnownFileType = text.plist.xml; path = "TestXcodeColors-Info.plist"; sourceTree = "<group>"; };
		DCAACA8C1565CEBD001A5857 /* en */ = {isa = PBXFileReference; lastKnownFileType = text.plist.strings; name = en; path = en.lproj/InfoPlist.strings; sourceTree = "<group>"; };
		DCAACA8E1565CEBD001A5857 /* main.m */ = {isa = PBXFileReference; lastKnownFileType = sourcecode.c.objc; path = main.m; sourceTree = "<group>"; };
		DCAACA901565CEBD001A5857 /* TestXcodeColors-Prefix.pch */ = {isa = PBXFileReference; lastKnownFileType = sourcecode.c.h; path = "TestXcodeColors-Prefix.pch"; sourceTree = "<group>"; };
		DCAACA921565CEBD001A5857 /* en */ = {isa = PBXFileReference; lastKnownFileType = text.rtf; name = en; path = en.lproj/Credits.rtf; sourceTree = "<group>"; };
		DCAACA941565CEBD001A5857 /* AppDelegate.h */ = {isa = PBXFileReference; lastKnownFileType = sourcecode.c.h; path = AppDelegate.h; sourceTree = "<group>"; };
		DCAACA951565CEBD001A5857 /* AppDelegate.m */ = {isa = PBXFileReference; lastKnownFileType = sourcecode.c.objc; path = AppDelegate.m; sourceTree = "<group>"; };
		DCAACA981565CEBD001A5857 /* en */ = {isa = PBXFileReference; lastKnownFileType = file.xib; name = en; path = en.lproj/MainMenu.xib; sourceTree = "<group>"; };
/* End PBXFileReference section */

/* Begin PBXFrameworksBuildPhase section */
		DCAACA7B1565CEBD001A5857 /* Frameworks */ = {
			isa = PBXFrameworksBuildPhase;
			buildActionMask = 2147483647;
			files = (
				DCAACA831565CEBD001A5857 /* Cocoa.framework in Frameworks */,
			);
			runOnlyForDeploymentPostprocessing = 0;
		};
/* End PBXFrameworksBuildPhase section */

/* Begin PBXGroup section */
		DC361270156E1C5B00956227 /* Lumberjack */ = {
			isa = PBXGroup;
			children = (
				DC361277156E1C5B00956227 /* DDLog.h */,
				DC361278156E1C5B00956227 /* DDLog.m */,
				DC361273156E1C5B00956227 /* DDASLLogger.h */,
				DC361274156E1C5B00956227 /* DDASLLogger.m */,
				DC361279156E1C5B00956227 /* DDTTYLogger.h */,
				DC36127A156E1C5B00956227 /* DDTTYLogger.m */,
				DC361275156E1C5B00956227 /* DDFileLogger.h */,
				DC361276156E1C5B00956227 /* DDFileLogger.m */,
				DC361271156E1C5B00956227 /* DDAbstractDatabaseLogger.h */,
				DC361272156E1C5B00956227 /* DDAbstractDatabaseLogger.m */,
				DC36127B156E1C5B00956227 /* Extensions */,
			);
			name = Lumberjack;
			path = ../../../../Lumberjack;
			sourceTree = "<group>";
		};
		DC36127B156E1C5B00956227 /* Extensions */ = {
			isa = PBXGroup;
			children = (
				DC36127C156E1C5B00956227 /* DDContextFilterLogFormatter.h */,
				DC36127D156E1C5B00956227 /* DDContextFilterLogFormatter.m */,
				DC36127E156E1C5B00956227 /* DDDispatchQueueLogFormatter.h */,
				DC36127F156E1C5B00956227 /* DDDispatchQueueLogFormatter.m */,
				DC361280156E1C5B00956227 /* README.txt */,
			);
			path = Extensions;
			sourceTree = "<group>";
		};
		DCAACA731565CEBD001A5857 = {
			isa = PBXGroup;
			children = (
				DC361270156E1C5B00956227 /* Lumberjack */,
				DCAACA881565CEBD001A5857 /* TestXcodeColors */,
				DCAACA811565CEBD001A5857 /* Frameworks */,
				DCAACA7F1565CEBD001A5857 /* Products */,
			);
			sourceTree = "<group>";
		};
		DCAACA7F1565CEBD001A5857 /* Products */ = {
			isa = PBXGroup;
			children = (
				DCAACA7E1565CEBD001A5857 /* TestXcodeColors.app */,
			);
			name = Products;
			sourceTree = "<group>";
		};
		DCAACA811565CEBD001A5857 /* Frameworks */ = {
			isa = PBXGroup;
			children = (
				DCAACA821565CEBD001A5857 /* Cocoa.framework */,
				DCAACA841565CEBD001A5857 /* Other Frameworks */,
			);
			name = Frameworks;
			sourceTree = "<group>";
		};
		DCAACA841565CEBD001A5857 /* Other Frameworks */ = {
			isa = PBXGroup;
			children = (
				DCAACA851565CEBD001A5857 /* AppKit.framework */,
				DCAACA861565CEBD001A5857 /* CoreData.framework */,
				DCAACA871565CEBD001A5857 /* Foundation.framework */,
			);
			name = "Other Frameworks";
			sourceTree = "<group>";
		};
		DCAACA881565CEBD001A5857 /* TestXcodeColors */ = {
			isa = PBXGroup;
			children = (
				DCAACA941565CEBD001A5857 /* AppDelegate.h */,
				DCAACA951565CEBD001A5857 /* AppDelegate.m */,
				DCAACA971565CEBD001A5857 /* MainMenu.xib */,
				DCAACA891565CEBD001A5857 /* Supporting Files */,
			);
			path = TestXcodeColors;
			sourceTree = "<group>";
		};
		DCAACA891565CEBD001A5857 /* Supporting Files */ = {
			isa = PBXGroup;
			children = (
				DCAACA8A1565CEBD001A5857 /* TestXcodeColors-Info.plist */,
				DCAACA8B1565CEBD001A5857 /* InfoPlist.strings */,
				DCAACA8E1565CEBD001A5857 /* main.m */,
				DCAACA901565CEBD001A5857 /* TestXcodeColors-Prefix.pch */,
				DCAACA911565CEBD001A5857 /* Credits.rtf */,
			);
			name = "Supporting Files";
			sourceTree = "<group>";
		};
/* End PBXGroup section */

/* Begin PBXNativeTarget section */
		DCAACA7D1565CEBD001A5857 /* TestXcodeColors */ = {
			isa = PBXNativeTarget;
			buildConfigurationList = DCAACA9C1565CEBD001A5857 /* Build configuration list for PBXNativeTarget "TestXcodeColors" */;
			buildPhases = (
				DCAACA7A1565CEBD001A5857 /* Sources */,
				DCAACA7B1565CEBD001A5857 /* Frameworks */,
				DCAACA7C1565CEBD001A5857 /* Resources */,
			);
			buildRules = (
			);
			dependencies = (
			);
			name = TestXcodeColors;
			productName = TestXcodeColors;
			productReference = DCAACA7E1565CEBD001A5857 /* TestXcodeColors.app */;
			productType = "com.apple.product-type.application";
		};
/* End PBXNativeTarget section */

/* Begin PBXProject section */
		DCAACA751565CEBD001A5857 /* Project object */ = {
			isa = PBXProject;
			attributes = {
				LastUpgradeCheck = 0460;
			};
			buildConfigurationList = DCAACA781565CEBD001A5857 /* Build configuration list for PBXProject "TestXcodeColors" */;
			compatibilityVersion = "Xcode 3.2";
			developmentRegion = English;
			hasScannedForEncodings = 0;
			knownRegions = (
				en,
			);
			mainGroup = DCAACA731565CEBD001A5857;
			productRefGroup = DCAACA7F1565CEBD001A5857 /* Products */;
			projectDirPath = "";
			projectRoot = "";
			targets = (
				DCAACA7D1565CEBD001A5857 /* TestXcodeColors */,
			);
		};
/* End PBXProject section */

/* Begin PBXResourcesBuildPhase section */
		DCAACA7C1565CEBD001A5857 /* Resources */ = {
			isa = PBXResourcesBuildPhase;
			buildActionMask = 2147483647;
			files = (
				DCAACA8D1565CEBD001A5857 /* InfoPlist.strings in Resources */,
				DCAACA931565CEBD001A5857 /* Credits.rtf in Resources */,
				DCAACA991565CEBD001A5857 /* MainMenu.xib in Resources */,
				DC361288156E1C5B00956227 /* README.txt in Resources */,
			);
			runOnlyForDeploymentPostprocessing = 0;
		};
/* End PBXResourcesBuildPhase section */

/* Begin PBXSourcesBuildPhase section */
		DCAACA7A1565CEBD001A5857 /* Sources */ = {
			isa = PBXSourcesBuildPhase;
			buildActionMask = 2147483647;
			files = (
				DCAACA8F1565CEBD001A5857 /* main.m in Sources */,
				DCAACA961565CEBD001A5857 /* AppDelegate.m in Sources */,
				DC361281156E1C5B00956227 /* DDAbstractDatabaseLogger.m in Sources */,
				DC361282156E1C5B00956227 /* DDASLLogger.m in Sources */,
				DC361283156E1C5B00956227 /* DDFileLogger.m in Sources */,
				DC361284156E1C5B00956227 /* DDLog.m in Sources */,
				DC361285156E1C5B00956227 /* DDTTYLogger.m in Sources */,
				DC361286156E1C5B00956227 /* DDContextFilterLogFormatter.m in Sources */,
				DC361287156E1C5B00956227 /* DDDispatchQueueLogFormatter.m in Sources */,
			);
			runOnlyForDeploymentPostprocessing = 0;
		};
/* End PBXSourcesBuildPhase section */

/* Begin PBXVariantGroup section */
		DCAACA8B1565CEBD001A5857 /* InfoPlist.strings */ = {
			isa = PBXVariantGroup;
			children = (
				DCAACA8C1565CEBD001A5857 /* en */,
			);
			name = InfoPlist.strings;
			sourceTree = "<group>";
		};
		DCAACA911565CEBD001A5857 /* Credits.rtf */ = {
			isa = PBXVariantGroup;
			children = (
				DCAACA921565CEBD001A5857 /* en */,
			);
			name = Credits.rtf;
			sourceTree = "<group>";
		};
		DCAACA971565CEBD001A5857 /* MainMenu.xib */ = {
			isa = PBXVariantGroup;
			children = (
				DCAACA981565CEBD001A5857 /* en */,
			);
			name = MainMenu.xib;
			sourceTree = "<group>";
		};
/* End PBXVariantGroup section */

/* Begin XCBuildConfiguration section */
		DCAACA9A1565CEBD001A5857 /* Debug */ = {
			isa = XCBuildConfiguration;
			buildSettings = {
				ALWAYS_SEARCH_USER_PATHS = NO;
				ARCHS = "$(ARCHS_STANDARD_64_BIT)";
				CLANG_ENABLE_OBJC_ARC = YES;
				CLANG_WARN_CONSTANT_CONVERSION = YES;
				CLANG_WARN_ENUM_CONVERSION = YES;
				CLANG_WARN_INT_CONVERSION = YES;
				CLANG_WARN__DUPLICATE_METHOD_MATCH = YES;
				COPY_PHASE_STRIP = NO;
				GCC_C_LANGUAGE_STANDARD = gnu99;
				GCC_DYNAMIC_NO_PIC = NO;
				GCC_ENABLE_OBJC_EXCEPTIONS = YES;
				GCC_OPTIMIZATION_LEVEL = 0;
				GCC_PREPROCESSOR_DEFINITIONS = (
					"DEBUG=1",
					"$(inherited)",
				);
				GCC_SYMBOLS_PRIVATE_EXTERN = NO;
				GCC_VERSION = com.apple.compilers.llvm.clang.1_0;
				GCC_WARN_64_TO_32_BIT_CONVERSION = YES;
				GCC_WARN_ABOUT_RETURN_TYPE = YES;
				GCC_WARN_UNINITIALIZED_AUTOS = YES;
				GCC_WARN_UNUSED_VARIABLE = YES;
				MACOSX_DEPLOYMENT_TARGET = 10.7;
				ONLY_ACTIVE_ARCH = YES;
				SDKROOT = macosx;
			};
			name = Debug;
		};
		DCAACA9B1565CEBD001A5857 /* Release */ = {
			isa = XCBuildConfiguration;
			buildSettings = {
				ALWAYS_SEARCH_USER_PATHS = NO;
				ARCHS = "$(ARCHS_STANDARD_64_BIT)";
				CLANG_ENABLE_OBJC_ARC = YES;
				CLANG_WARN_CONSTANT_CONVERSION = YES;
				CLANG_WARN_ENUM_CONVERSION = YES;
				CLANG_WARN_INT_CONVERSION = YES;
				CLANG_WARN__DUPLICATE_METHOD_MATCH = YES;
				COPY_PHASE_STRIP = YES;
				DEBUG_INFORMATION_FORMAT = "dwarf-with-dsym";
				GCC_C_LANGUAGE_STANDARD = gnu99;
				GCC_ENABLE_OBJC_EXCEPTIONS = YES;
				GCC_VERSION = com.apple.compilers.llvm.clang.1_0;
				GCC_WARN_64_TO_32_BIT_CONVERSION = YES;
				GCC_WARN_ABOUT_RETURN_TYPE = YES;
				GCC_WARN_UNINITIALIZED_AUTOS = YES;
				GCC_WARN_UNUSED_VARIABLE = YES;
				MACOSX_DEPLOYMENT_TARGET = 10.7;
				SDKROOT = macosx;
			};
			name = Release;
		};
		DCAACA9D1565CEBD001A5857 /* Debug */ = {
			isa = XCBuildConfiguration;
			buildSettings = {
				GCC_PRECOMPILE_PREFIX_HEADER = YES;
				GCC_PREFIX_HEADER = "TestXcodeColors/TestXcodeColors-Prefix.pch";
				INFOPLIST_FILE = "TestXcodeColors/TestXcodeColors-Info.plist";
				PRODUCT_NAME = "$(TARGET_NAME)";
				WRAPPER_EXTENSION = app;
			};
			name = Debug;
		};
		DCAACA9E1565CEBD001A5857 /* Release */ = {
			isa = XCBuildConfiguration;
			buildSettings = {
				GCC_PRECOMPILE_PREFIX_HEADER = YES;
				GCC_PREFIX_HEADER = "TestXcodeColors/TestXcodeColors-Prefix.pch";
				INFOPLIST_FILE = "TestXcodeColors/TestXcodeColors-Info.plist";
				PRODUCT_NAME = "$(TARGET_NAME)";
				WRAPPER_EXTENSION = app;
			};
			name = Release;
		};
/* End XCBuildConfiguration section */

/* Begin XCConfigurationList section */
		DCAACA781565CEBD001A5857 /* Build configuration list for PBXProject "TestXcodeColors" */ = {
			isa = XCConfigurationList;
			buildConfigurations = (
				DCAACA9A1565CEBD001A5857 /* Debug */,
				DCAACA9B1565CEBD001A5857 /* Release */,
			);
			defaultConfigurationIsVisible = 0;
			defaultConfigurationName = Release;
		};
		DCAACA9C1565CEBD001A5857 /* Build configuration list for PBXNativeTarget "TestXcodeColors" */ = {
			isa = XCConfigurationList;
			buildConfigurations = (
				DCAACA9D1565CEBD001A5857 /* Debug */,
				DCAACA9E1565CEBD001A5857 /* Release */,
			);
			defaultConfigurationIsVisible = 0;
			defaultConfigurationName = Release;
		};
/* End XCConfigurationList section */
	};
	rootObject = DCAACA751565CEBD001A5857 /* Project object */;
}
