PODS:
  - CocoaLumberjack/CLI (1.7.0):
    - CocoaLumberjack/Core
  - CocoaLumberjack/Core (1.7.0)

DEPENDENCIES:
  - CocoaLumberjack/CLI (from `../../`)

EXTERNAL SOURCES:
  CocoaLumberjack:
    :path: ../../

SPEC CHECKSUMS:
  CocoaLumberjack: 4905e2289f901f2668bed2cd9b15db66796d4c36

COCOAPODS: 0.28.0
