PODS:
  - CocoaLumberjack/CLI (1.9.1):
    - CocoaLumberjack/Core
  - CocoaLumberjack/Core (1.9.1)

DEPENDENCIES:
  - CocoaLumberjack/CLI (from `../../`)

EXTERNAL SOURCES:
  CocoaLumberjack:
    :path: ../../

SPEC CHECKSUMS:
  CocoaLumberjack: eb7803047aeb82522022bf4507fb01a0c5dd8580

COCOAPODS: 0.33.1
