PODS:
  - CocoaLumberjack (1.8.1):
    - CocoaLumberjack/Extensions
  - CocoaLumberjack/Core (1.8.1)
  - CocoaLumberjack/Extensions (1.8.1):
    - CocoaLumberjack/Core

DEPENDENCIES:
  - CocoaLumberjack (from `../../`)

EXTERNAL SOURCES:
  CocoaLumberjack:
    :path: ../../

SPEC CHECKSUMS:
  CocoaLumberjack: 020378ec400d658923bf5887178394f65f052c90

COCOAPODS: 0.31.1
