// !$*UTF8*$!
{
	archiveVersion = 1;
	classes = {
	};
	objectVersion = 46;
	objects = {

/* Begin PBXBuildFile section */
		0A7D8FBE217A10E800B496D7 /* CocoaLumberjack.framework in Frameworks */ = {isa = PBXBuildFile; fileRef = 0A7D8FBD217A10E800B496D7 /* CocoaLumberjack.framework */; };
		DCA67DEF146B531D003411EE /* Cocoa.framework in Frameworks */ = {isa = PBXBuildFile; fileRef = DCA67DEE146B531D003411EE /* Cocoa.framework */; };
		DCA67DF9146B531D003411EE /* InfoPlist.strings in Resources */ = {isa = PBXBuildFile; fileRef = DCA67DF7146B531D003411EE /* InfoPlist.strings */; };
		DCA67DFB146B531D003411EE /* main.m in Sources */ = {isa = PBXBuildFile; fileRef = DCA67DFA146B531D003411EE /* main.m */; };
		DCA67DFF146B531D003411EE /* Credits.rtf in Resources */ = {isa = PBXBuildFile; fileRef = DCA67DFD146B531D003411EE /* Credits.rtf */; };
		DCA67E02146B531E003411EE /* AppDelegate.m in Sources */ = {isa = PBXBuildFile; fileRef = DCA67E01146B531E003411EE /* AppDelegate.m */; };
		DCA67E05146B531E003411EE /* MainMenu.xib in Resources */ = {isa = PBXBuildFile; fileRef = DCA67E03146B531E003411EE /* MainMenu.xib */; };
/* End PBXBuildFile section */

/* Begin PBXFileReference section */
		0A7D8FBD217A10E800B496D7 /* CocoaLumberjack.framework */ = {isa = PBXFileReference; explicitFileType = wrapper.framework; path = CocoaLumberjack.framework; sourceTree = BUILT_PRODUCTS_DIR; };
		43AF80652174EE5200C0D9DC /* Module-Release.xcconfig */ = {isa = PBXFileReference; lastKnownFileType = text.xcconfig; path = "Module-Release.xcconfig"; sourceTree = "<group>"; };
		43AF80662174EE5200C0D9DC /* Module-Debug.xcconfig */ = {isa = PBXFileReference; lastKnownFileType = text.xcconfig; path = "Module-Debug.xcconfig"; sourceTree = "<group>"; };
		43AF80672174EE5200C0D9DC /* Module-Shared.xcconfig */ = {isa = PBXFileReference; lastKnownFileType = text.xcconfig; path = "Module-Shared.xcconfig"; sourceTree = "<group>"; };
		DCA67DEA146B531D003411EE /* NonArcTest.app */ = {isa = PBXFileReference; explicitFileType = wrapper.application; includeInIndex = 0; path = NonArcTest.app; sourceTree = BUILT_PRODUCTS_DIR; };
		DCA67DEE146B531D003411EE /* Cocoa.framework */ = {isa = PBXFileReference; lastKnownFileType = wrapper.framework; name = Cocoa.framework; path = System/Library/Frameworks/Cocoa.framework; sourceTree = SDKROOT; };
		DCA67DF1146B531D003411EE /* AppKit.framework */ = {isa = PBXFileReference; lastKnownFileType = wrapper.framework; name = AppKit.framework; path = System/Library/Frameworks/AppKit.framework; sourceTree = SDKROOT; };
		DCA67DF2146B531D003411EE /* CoreData.framework */ = {isa = PBXFileReference; lastKnownFileType = wrapper.framework; name = CoreData.framework; path = System/Library/Frameworks/CoreData.framework; sourceTree = SDKROOT; };
		DCA67DF3146B531D003411EE /* Foundation.framework */ = {isa = PBXFileReference; lastKnownFileType = wrapper.framework; name = Foundation.framework; path = System/Library/Frameworks/Foundation.framework; sourceTree = SDKROOT; };
		DCA67DF6146B531D003411EE /* NonArcTest-Info.plist */ = {isa = PBXFileReference; lastKnownFileType = text.plist.xml; path = "NonArcTest-Info.plist"; sourceTree = "<group>"; };
		DCA67DF8146B531D003411EE /* en */ = {isa = PBXFileReference; lastKnownFileType = text.plist.strings; name = en; path = en.lproj/InfoPlist.strings; sourceTree = "<group>"; };
		DCA67DFA146B531D003411EE /* main.m */ = {isa = PBXFileReference; lastKnownFileType = sourcecode.c.objc; path = main.m; sourceTree = "<group>"; };
		DCA67DFC146B531D003411EE /* NonArcTest-Prefix.pch */ = {isa = PBXFileReference; lastKnownFileType = sourcecode.c.h; path = "NonArcTest-Prefix.pch"; sourceTree = "<group>"; };
		DCA67DFE146B531D003411EE /* en */ = {isa = PBXFileReference; lastKnownFileType = text.rtf; name = en; path = en.lproj/Credits.rtf; sourceTree = "<group>"; };
		DCA67E00146B531D003411EE /* AppDelegate.h */ = {isa = PBXFileReference; lastKnownFileType = sourcecode.c.h; path = AppDelegate.h; sourceTree = "<group>"; };
		DCA67E01146B531E003411EE /* AppDelegate.m */ = {isa = PBXFileReference; lastKnownFileType = sourcecode.c.objc; path = AppDelegate.m; sourceTree = "<group>"; };
		DCA67E04146B531E003411EE /* en */ = {isa = PBXFileReference; lastKnownFileType = file.xib; name = en; path = en.lproj/MainMenu.xib; sourceTree = "<group>"; };
/* End PBXFileReference section */

/* Begin PBXFrameworksBuildPhase section */
		DCA67DE7146B531D003411EE /* Frameworks */ = {
			isa = PBXFrameworksBuildPhase;
			buildActionMask = 2147483647;
			files = (
				0A7D8FBE217A10E800B496D7 /* CocoaLumberjack.framework in Frameworks */,
				DCA67DEF146B531D003411EE /* Cocoa.framework in Frameworks */,
			);
			runOnlyForDeploymentPostprocessing = 0;
		};
/* End PBXFrameworksBuildPhase section */

/* Begin PBXGroup section */
		43AF80642174EE5200C0D9DC /* Configs */ = {
			isa = PBXGroup;
			children = (
				43AF80652174EE5200C0D9DC /* Module-Release.xcconfig */,
				43AF80662174EE5200C0D9DC /* Module-Debug.xcconfig */,
				43AF80672174EE5200C0D9DC /* Module-Shared.xcconfig */,
			);
			name = Configs;
			path = ../../Configs;
			sourceTree = "<group>";
		};
		DCA67DDF146B531D003411EE = {
			isa = PBXGroup;
			children = (
				43AF80642174EE5200C0D9DC /* Configs */,
				DCA67DF4146B531D003411EE /* NonArcTest */,
				DCA67DED146B531D003411EE /* Frameworks */,
				DCA67DEB146B531D003411EE /* Products */,
			);
			sourceTree = "<group>";
		};
		DCA67DEB146B531D003411EE /* Products */ = {
			isa = PBXGroup;
			children = (
				DCA67DEA146B531D003411EE /* NonArcTest.app */,
			);
			name = Products;
			sourceTree = "<group>";
		};
		DCA67DED146B531D003411EE /* Frameworks */ = {
			isa = PBXGroup;
			children = (
				0A7D8FBD217A10E800B496D7 /* CocoaLumberjack.framework */,
				DCA67DEE146B531D003411EE /* Cocoa.framework */,
				DCA67DF0146B531D003411EE /* Other Frameworks */,
			);
			name = Frameworks;
			sourceTree = "<group>";
		};
		DCA67DF0146B531D003411EE /* Other Frameworks */ = {
			isa = PBXGroup;
			children = (
				DCA67DF1146B531D003411EE /* AppKit.framework */,
				DCA67DF2146B531D003411EE /* CoreData.framework */,
				DCA67DF3146B531D003411EE /* Foundation.framework */,
			);
			name = "Other Frameworks";
			sourceTree = "<group>";
		};
		DCA67DF4146B531D003411EE /* NonArcTest */ = {
			isa = PBXGroup;
			children = (
				DCA67E00146B531D003411EE /* AppDelegate.h */,
				DCA67E01146B531E003411EE /* AppDelegate.m */,
				DCA67E03146B531E003411EE /* MainMenu.xib */,
				DCA67DF5146B531D003411EE /* Supporting Files */,
			);
			path = NonArcTest;
			sourceTree = "<group>";
		};
		DCA67DF5146B531D003411EE /* Supporting Files */ = {
			isa = PBXGroup;
			children = (
				DCA67DF6146B531D003411EE /* NonArcTest-Info.plist */,
				DCA67DF7146B531D003411EE /* InfoPlist.strings */,
				DCA67DFA146B531D003411EE /* main.m */,
				DCA67DFC146B531D003411EE /* NonArcTest-Prefix.pch */,
				DCA67DFD146B531D003411EE /* Credits.rtf */,
			);
			name = "Supporting Files";
			sourceTree = "<group>";
		};
/* End PBXGroup section */

/* Begin PBXNativeTarget section */
		DCA67DE9146B531D003411EE /* NonArcTest */ = {
			isa = PBXNativeTarget;
			buildConfigurationList = DCA67E08146B531E003411EE /* Build configuration list for PBXNativeTarget "NonArcTest" */;
			buildPhases = (
				DCA67DE6146B531D003411EE /* Sources */,
				DCA67DE7146B531D003411EE /* Frameworks */,
				DCA67DE8146B531D003411EE /* Resources */,
			);
			buildRules = (
			);
			dependencies = (
			);
			name = NonArcTest;
			productName = NonArcTest;
			productReference = DCA67DEA146B531D003411EE /* NonArcTest.app */;
			productType = "com.apple.product-type.application";
		};
/* End PBXNativeTarget section */

/* Begin PBXProject section */
		DCA67DE1146B531D003411EE /* Project object */ = {
			isa = PBXProject;
			attributes = {
				LastUpgradeCheck = 0900;
			};
			buildConfigurationList = DCA67DE4146B531D003411EE /* Build configuration list for PBXProject "NonArcTest" */;
			compatibilityVersion = "Xcode 3.2";
			developmentRegion = English;
			hasScannedForEncodings = 0;
			knownRegions = (
				en,
			);
			mainGroup = DCA67DDF146B531D003411EE;
			productRefGroup = DCA67DEB146B531D003411EE /* Products */;
			projectDirPath = "";
			projectRoot = "";
			targets = (
				DCA67DE9146B531D003411EE /* NonArcTest */,
			);
		};
/* End PBXProject section */

/* Begin PBXResourcesBuildPhase section */
		DCA67DE8146B531D003411EE /* Resources */ = {
			isa = PBXResourcesBuildPhase;
			buildActionMask = 2147483647;
			files = (
				DCA67DF9146B531D003411EE /* InfoPlist.strings in Resources */,
				DCA67DFF146B531D003411EE /* Credits.rtf in Resources */,
				DCA67E05146B531E003411EE /* MainMenu.xib in Resources */,
			);
			runOnlyForDeploymentPostprocessing = 0;
		};
/* End PBXResourcesBuildPhase section */

/* Begin PBXSourcesBuildPhase section */
		DCA67DE6146B531D003411EE /* Sources */ = {
			isa = PBXSourcesBuildPhase;
			buildActionMask = 2147483647;
			files = (
				DCA67DFB146B531D003411EE /* main.m in Sources */,
				DCA67E02146B531E003411EE /* AppDelegate.m in Sources */,
			);
			runOnlyForDeploymentPostprocessing = 0;
		};
/* End PBXSourcesBuildPhase section */

/* Begin PBXVariantGroup section */
		DCA67DF7146B531D003411EE /* InfoPlist.strings */ = {
			isa = PBXVariantGroup;
			children = (
				DCA67DF8146B531D003411EE /* en */,
			);
			name = InfoPlist.strings;
			sourceTree = "<group>";
		};
		DCA67DFD146B531D003411EE /* Credits.rtf */ = {
			isa = PBXVariantGroup;
			children = (
				DCA67DFE146B531D003411EE /* en */,
			);
			name = Credits.rtf;
			sourceTree = "<group>";
		};
		DCA67E03146B531E003411EE /* MainMenu.xib */ = {
			isa = PBXVariantGroup;
			children = (
				DCA67E04146B531E003411EE /* en */,
			);
			name = MainMenu.xib;
			sourceTree = "<group>";
		};
/* End PBXVariantGroup section */

/* Begin XCBuildConfiguration section */
		DCA67E06146B531E003411EE /* Debug */ = {
			isa = XCBuildConfiguration;
			baseConfigurationReference = 43AF80662174EE5200C0D9DC /* Module-Debug.xcconfig */;
			buildSettings = {
			};
			name = Debug;
		};
		DCA67E07146B531E003411EE /* Release */ = {
			isa = XCBuildConfiguration;
			baseConfigurationReference = 43AF80652174EE5200C0D9DC /* Module-Release.xcconfig */;
			buildSettings = {
			};
			name = Release;
		};
		DCA67E09146B531E003411EE /* Debug */ = {
			isa = XCBuildConfiguration;
			buildSettings = {
				CLANG_ENABLE_OBJC_ARC = NO;
				COMBINE_HIDPI_IMAGES = YES;
				GCC_PRECOMPILE_PREFIX_HEADER = YES;
				GCC_PREFIX_HEADER = "NonArcTest/NonArcTest-Prefix.pch";
				INFOPLIST_FILE = "NonArcTest/NonArcTest-Info.plist";
				SUPPORTED_PLATFORMS = macosx;
				TARGETED_DEVICE_FAMILY = "";
				WRAPPER_EXTENSION = app;
			};
			name = Debug;
		};
		DCA67E0A146B531E003411EE /* Release */ = {
			isa = XCBuildConfiguration;
			buildSettings = {
				CLANG_ENABLE_OBJC_ARC = NO;
				COMBINE_HIDPI_IMAGES = YES;
				GCC_PRECOMPILE_PREFIX_HEADER = YES;
				GCC_PREFIX_HEADER = "NonArcTest/NonArcTest-Prefix.pch";
				INFOPLIST_FILE = "NonArcTest/NonArcTest-Info.plist";
				SUPPORTED_PLATFORMS = macosx;
				TARGETED_DEVICE_FAMILY = "";
				WRAPPER_EXTENSION = app;
			};
			name = Release;
		};
/* End XCBuildConfiguration section */

/* Begin XCConfigurationList section */
		DCA67DE4146B531D003411EE /* Build configuration list for PBXProject "NonArcTest" */ = {
			isa = XCConfigurationList;
			buildConfigurations = (
				DCA67E06146B531E003411EE /* Debug */,
				DCA67E07146B531E003411EE /* Release */,
			);
			defaultConfigurationIsVisible = 0;
			defaultConfigurationName = Release;
		};
		DCA67E08146B531E003411EE /* Build configuration list for PBXNativeTarget "NonArcTest" */ = {
			isa = XCConfigurationList;
			buildConfigurations = (
				DCA67E09146B531E003411EE /* Debug */,
				DCA67E0A146B531E003411EE /* Release */,
			);
			defaultConfigurationIsVisible = 0;
			defaultConfigurationName = Release;
		};
/* End XCConfigurationList section */
	};
	rootObject = DCA67DE1146B531D003411EE /* Project object */;
}
