// !$*UTF8*$!
{
	archiveVersion = 1;
	classes = {
	};
	objectVersion = 45;
	objects = {

/* Begin PBXBuildFile section */
		1D3623260D0F684500981E51 /* WebServerIPhoneAppDelegate.m in Sources */ = {isa = PBXBuildFile; fileRef = 1D3623250D0F684500981E51 /* WebServerIPhoneAppDelegate.m */; };
		1D60589B0D05DD56006BFB54 /* main.m in Sources */ = {isa = PBXBuildFile; fileRef = 29B97316FDCFA39411CA2CEA /* main.m */; };
		1D60589F0D05DD5A006BFB54 /* Foundation.framework in Frameworks */ = {isa = PBXBuildFile; fileRef = 1D30AB110D05D00D00671497 /* Foundation.framework */; };
		1DF5F4E00D08C38300B7A737 /* UIKit.framework in Frameworks */ = {isa = PBXBuildFile; fileRef = 1DF5F4DF0D08C38300B7A737 /* UIKit.framework */; };
		288765A50DF7441C002DB57D /* CoreGraphics.framework in Frameworks */ = {isa = PBXBuildFile; fileRef = 288765A40DF7441C002DB57D /* CoreGraphics.framework */; };
		2899E5220DE3E06400AC0155 /* WebServerIPhoneViewController.xib in Resources */ = {isa = PBXBuildFile; fileRef = 2899E5210DE3E06400AC0155 /* WebServerIPhoneViewController.xib */; };
		28AD733F0D9D9553002E5188 /* MainWindow.xib in Resources */ = {isa = PBXBuildFile; fileRef = 28AD733E0D9D9553002E5188 /* MainWindow.xib */; };
		28D7ACF80DDB3853001CB0EB /* WebServerIPhoneViewController.m in Sources */ = {isa = PBXBuildFile; fileRef = 28D7ACF70DDB3853001CB0EB /* WebServerIPhoneViewController.m */; };
		DC51A0AD11935C2D00CFF783 /* HTTPDynamicFileResponse.m in Sources */ = {isa = PBXBuildFile; fileRef = DC51A0AC11935C2D00CFF783 /* HTTPDynamicFileResponse.m */; };
		DC987C64119294680020FF52 /* DDConsoleLogger.m in Sources */ = {isa = PBXBuildFile; fileRef = DC987C5D119294680020FF52 /* DDConsoleLogger.m */; };
		DC987C65119294680020FF52 /* DDFileLogger.m in Sources */ = {isa = PBXBuildFile; fileRef = DC987C5F119294680020FF52 /* DDFileLogger.m */; };
		DC987C66119294680020FF52 /* DDLog.m in Sources */ = {isa = PBXBuildFile; fileRef = DC987C61119294680020FF52 /* DDLog.m */; };
		DC987C7C1192948F0020FF52 /* AsyncSocket.m in Sources */ = {isa = PBXBuildFile; fileRef = DC987C6B1192948F0020FF52 /* AsyncSocket.m */; };
		DC987C7D1192948F0020FF52 /* DDData.m in Sources */ = {isa = PBXBuildFile; fileRef = DC987C6D1192948F0020FF52 /* DDData.m */; };
		DC987C7E1192948F0020FF52 /* DDNumber.m in Sources */ = {isa = PBXBuildFile; fileRef = DC987C6F1192948F0020FF52 /* DDNumber.m */; };
		DC987C7F1192948F0020FF52 /* DDRange.m in Sources */ = {isa = PBXBuildFile; fileRef = DC987C711192948F0020FF52 /* DDRange.m */; };
		DC987C801192948F0020FF52 /* HTTPAsyncFileResponse.m in Sources */ = {isa = PBXBuildFile; fileRef = DC987C731192948F0020FF52 /* HTTPAsyncFileResponse.m */; };
		DC987C811192948F0020FF52 /* HTTPAuthenticationRequest.m in Sources */ = {isa = PBXBuildFile; fileRef = DC987C751192948F0020FF52 /* HTTPAuthenticationRequest.m */; };
		DC987C821192948F0020FF52 /* HTTPConnection.m in Sources */ = {isa = PBXBuildFile; fileRef = DC987C771192948F0020FF52 /* HTTPConnection.m */; };
		DC987C831192948F0020FF52 /* HTTPResponse.m in Sources */ = {isa = PBXBuildFile; fileRef = DC987C791192948F0020FF52 /* HTTPResponse.m */; };
		DC987C841192948F0020FF52 /* HTTPServer.m in Sources */ = {isa = PBXBuildFile; fileRef = DC987C7B1192948F0020FF52 /* HTTPServer.m */; };
		DC987C90119294FD0020FF52 /* MyHTTPConnection.m in Sources */ = {isa = PBXBuildFile; fileRef = DC987C8B119294FD0020FF52 /* MyHTTPConnection.m */; };
		DC987C91119294FD0020FF52 /* MyHTTPServer.m in Sources */ = {isa = PBXBuildFile; fileRef = DC987C8D119294FD0020FF52 /* MyHTTPServer.m */; };
		DC987C92119294FD0020FF52 /* WebSocketLogger.m in Sources */ = {isa = PBXBuildFile; fileRef = DC987C8F119294FD0020FF52 /* WebSocketLogger.m */; };
		DC987C96119295650020FF52 /* CFNetwork.framework in Frameworks */ = {isa = PBXBuildFile; fileRef = DC987C95119295650020FF52 /* CFNetwork.framework */; };
		DC987CC4119296760020FF52 /* Web in Resources */ = {isa = PBXBuildFile; fileRef = DC987CBE119296760020FF52 /* Web */; };
/* End PBXBuildFile section */

/* Begin PBXFileReference section */
		1D30AB110D05D00D00671497 /* Foundation.framework */ = {isa = PBXFileReference; lastKnownFileType = wrapper.framework; name = Foundation.framework; path = System/Library/Frameworks/Foundation.framework; sourceTree = SDKROOT; };
		1D3623240D0F684500981E51 /* WebServerIPhoneAppDelegate.h */ = {isa = PBXFileReference; fileEncoding = 4; lastKnownFileType = sourcecode.c.h; path = WebServerIPhoneAppDelegate.h; sourceTree = "<group>"; };
		1D3623250D0F684500981E51 /* WebServerIPhoneAppDelegate.m */ = {isa = PBXFileReference; fileEncoding = 4; lastKnownFileType = sourcecode.c.objc; path = WebServerIPhoneAppDelegate.m; sourceTree = "<group>"; };
		1D6058910D05DD3D006BFB54 /* WebServerIPhone.app */ = {isa = PBXFileReference; explicitFileType = wrapper.application; includeInIndex = 0; path = WebServerIPhone.app; sourceTree = BUILT_PRODUCTS_DIR; };
		1DF5F4DF0D08C38300B7A737 /* UIKit.framework */ = {isa = PBXFileReference; lastKnownFileType = wrapper.framework; name = UIKit.framework; path = System/Library/Frameworks/UIKit.framework; sourceTree = SDKROOT; };
		288765A40DF7441C002DB57D /* CoreGraphics.framework */ = {isa = PBXFileReference; lastKnownFileType = wrapper.framework; name = CoreGraphics.framework; path = System/Library/Frameworks/CoreGraphics.framework; sourceTree = SDKROOT; };
		2899E5210DE3E06400AC0155 /* WebServerIPhoneViewController.xib */ = {isa = PBXFileReference; lastKnownFileType = file.xib; path = WebServerIPhoneViewController.xib; sourceTree = "<group>"; };
		28AD733E0D9D9553002E5188 /* MainWindow.xib */ = {isa = PBXFileReference; lastKnownFileType = file.xib; path = MainWindow.xib; sourceTree = "<group>"; };
		28D7ACF60DDB3853001CB0EB /* WebServerIPhoneViewController.h */ = {isa = PBXFileReference; fileEncoding = 4; lastKnownFileType = sourcecode.c.h; path = WebServerIPhoneViewController.h; sourceTree = "<group>"; };
		28D7ACF70DDB3853001CB0EB /* WebServerIPhoneViewController.m */ = {isa = PBXFileReference; fileEncoding = 4; lastKnownFileType = sourcecode.c.objc; path = WebServerIPhoneViewController.m; sourceTree = "<group>"; };
		29B97316FDCFA39411CA2CEA /* main.m */ = {isa = PBXFileReference; fileEncoding = 4; lastKnownFileType = sourcecode.c.objc; path = main.m; sourceTree = "<group>"; };
		32CA4F630368D1EE00C91783 /* WebServerIPhone_Prefix.pch */ = {isa = PBXFileReference; fileEncoding = 4; lastKnownFileType = sourcecode.c.h; path = WebServerIPhone_Prefix.pch; sourceTree = "<group>"; };
		8D1107310486CEB800E47090 /* WebServerIPhone-Info.plist */ = {isa = PBXFileReference; fileEncoding = 4; lastKnownFileType = text.plist.xml; path = "WebServerIPhone-Info.plist"; plistStructureDefinitionIdentifier = "com.apple.xcode.plist.structure-definition.iphone.info-plist"; sourceTree = "<group>"; };
		DC51A0AB11935C2D00CFF783 /* HTTPDynamicFileResponse.h */ = {isa = PBXFileReference; fileEncoding = 4; lastKnownFileType = sourcecode.c.h; name = HTTPDynamicFileResponse.h; path = Vendor/CocoaHTTPServer/HTTPDynamicFileResponse.h; sourceTree = "<group>"; };
		DC51A0AC11935C2D00CFF783 /* HTTPDynamicFileResponse.m */ = {isa = PBXFileReference; fileEncoding = 4; lastKnownFileType = sourcecode.c.objc; name = HTTPDynamicFileResponse.m; path = Vendor/CocoaHTTPServer/HTTPDynamicFileResponse.m; sourceTree = "<group>"; };
		DC987C5C119294680020FF52 /* DDConsoleLogger.h */ = {isa = PBXFileReference; fileEncoding = 4; lastKnownFileType = sourcecode.c.h; name = DDConsoleLogger.h; path = ../../Lumberjack/DDConsoleLogger.h; sourceTree = SOURCE_ROOT; };
		DC987C5D119294680020FF52 /* DDConsoleLogger.m */ = {isa = PBXFileReference; fileEncoding = 4; lastKnownFileType = sourcecode.c.objc; name = DDConsoleLogger.m; path = ../../Lumberjack/DDConsoleLogger.m; sourceTree = SOURCE_ROOT; };
		DC987C5E119294680020FF52 /* DDFileLogger.h */ = {isa = PBXFileReference; fileEncoding = 4; lastKnownFileType = sourcecode.c.h; name = DDFileLogger.h; path = ../../Lumberjack/DDFileLogger.h; sourceTree = SOURCE_ROOT; };
		DC987C5F119294680020FF52 /* DDFileLogger.m */ = {isa = PBXFileReference; fileEncoding = 4; lastKnownFileType = sourcecode.c.objc; name = DDFileLogger.m; path = ../../Lumberjack/DDFileLogger.m; sourceTree = SOURCE_ROOT; };
		DC987C60119294680020FF52 /* DDLog.h */ = {isa = PBXFileReference; fileEncoding = 4; lastKnownFileType = sourcecode.c.h; name = DDLog.h; path = ../../Lumberjack/DDLog.h; sourceTree = SOURCE_ROOT; };
		DC987C61119294680020FF52 /* DDLog.m */ = {isa = PBXFileReference; fileEncoding = 4; lastKnownFileType = sourcecode.c.objc; name = DDLog.m; path = ../../Lumberjack/DDLog.m; sourceTree = SOURCE_ROOT; };
		DC987C6A1192948F0020FF52 /* AsyncSocket.h */ = {isa = PBXFileReference; fileEncoding = 4; lastKnownFileType = sourcecode.c.h; name = AsyncSocket.h; path = Vendor/CocoaHTTPServer/AsyncSocket.h; sourceTree = "<group>"; };
		DC987C6B1192948F0020FF52 /* AsyncSocket.m */ = {isa = PBXFileReference; fileEncoding = 4; lastKnownFileType = sourcecode.c.objc; name = AsyncSocket.m; path = Vendor/CocoaHTTPServer/AsyncSocket.m; sourceTree = "<group>"; };
		DC987C6C1192948F0020FF52 /* DDData.h */ = {isa = PBXFileReference; fileEncoding = 4; lastKnownFileType = sourcecode.c.h; name = DDData.h; path = Vendor/CocoaHTTPServer/DDData.h; sourceTree = "<group>"; };
		DC987C6D1192948F0020FF52 /* DDData.m */ = {isa = PBXFileReference; fileEncoding = 4; lastKnownFileType = sourcecode.c.objc; name = DDData.m; path = Vendor/CocoaHTTPServer/DDData.m; sourceTree = "<group>"; };
		DC987C6E1192948F0020FF52 /* DDNumber.h */ = {isa = PBXFileReference; fileEncoding = 4; lastKnownFileType = sourcecode.c.h; name = DDNumber.h; path = Vendor/CocoaHTTPServer/DDNumber.h; sourceTree = "<group>"; };
		DC987C6F1192948F0020FF52 /* DDNumber.m */ = {isa = PBXFileReference; fileEncoding = 4; lastKnownFileType = sourcecode.c.objc; name = DDNumber.m; path = Vendor/CocoaHTTPServer/DDNumber.m; sourceTree = "<group>"; };
		DC987C701192948F0020FF52 /* DDRange.h */ = {isa = PBXFileReference; fileEncoding = 4; lastKnownFileType = sourcecode.c.h; name = DDRange.h; path = Vendor/CocoaHTTPServer/DDRange.h; sourceTree = "<group>"; };
		DC987C711192948F0020FF52 /* DDRange.m */ = {isa = PBXFileReference; fileEncoding = 4; lastKnownFileType = sourcecode.c.objc; name = DDRange.m; path = Vendor/CocoaHTTPServer/DDRange.m; sourceTree = "<group>"; };
		DC987C721192948F0020FF52 /* HTTPAsyncFileResponse.h */ = {isa = PBXFileReference; fileEncoding = 4; lastKnownFileType = sourcecode.c.h; name = HTTPAsyncFileResponse.h; path = Vendor/CocoaHTTPServer/HTTPAsyncFileResponse.h; sourceTree = "<group>"; };
		DC987C731192948F0020FF52 /* HTTPAsyncFileResponse.m */ = {isa = PBXFileReference; fileEncoding = 4; lastKnownFileType = sourcecode.c.objc; name = HTTPAsyncFileResponse.m; path = Vendor/CocoaHTTPServer/HTTPAsyncFileResponse.m; sourceTree = "<group>"; };
		DC987C741192948F0020FF52 /* HTTPAuthenticationRequest.h */ = {isa = PBXFileReference; fileEncoding = 4; lastKnownFileType = sourcecode.c.h; name = HTTPAuthenticationRequest.h; path = Vendor/CocoaHTTPServer/HTTPAuthenticationRequest.h; sourceTree = "<group>"; };
		DC987C751192948F0020FF52 /* HTTPAuthenticationRequest.m */ = {isa = PBXFileReference; fileEncoding = 4; lastKnownFileType = sourcecode.c.objc; name = HTTPAuthenticationRequest.m; path = Vendor/CocoaHTTPServer/HTTPAuthenticationRequest.m; sourceTree = "<group>"; };
		DC987C761192948F0020FF52 /* HTTPConnection.h */ = {isa = PBXFileReference; fileEncoding = 4; lastKnownFileType = sourcecode.c.h; name = HTTPConnection.h; path = Vendor/CocoaHTTPServer/HTTPConnection.h; sourceTree = "<group>"; };
		DC987C771192948F0020FF52 /* HTTPConnection.m */ = {isa = PBXFileReference; fileEncoding = 4; lastKnownFileType = sourcecode.c.objc; name = HTTPConnection.m; path = Vendor/CocoaHTTPServer/HTTPConnection.m; sourceTree = "<group>"; };
		DC987C781192948F0020FF52 /* HTTPResponse.h */ = {isa = PBXFileReference; fileEncoding = 4; lastKnownFileType = sourcecode.c.h; name = HTTPResponse.h; path = Vendor/CocoaHTTPServer/HTTPResponse.h; sourceTree = "<group>"; };
		DC987C791192948F0020FF52 /* HTTPResponse.m */ = {isa = PBXFileReference; fileEncoding = 4; lastKnownFileType = sourcecode.c.objc; name = HTTPResponse.m; path = Vendor/CocoaHTTPServer/HTTPResponse.m; sourceTree = "<group>"; };
		DC987C7A1192948F0020FF52 /* HTTPServer.h */ = {isa = PBXFileReference; fileEncoding = 4; lastKnownFileType = sourcecode.c.h; name = HTTPServer.h; path = Vendor/CocoaHTTPServer/HTTPServer.h; sourceTree = "<group>"; };
		DC987C7B1192948F0020FF52 /* HTTPServer.m */ = {isa = PBXFileReference; fileEncoding = 4; lastKnownFileType = sourcecode.c.objc; name = HTTPServer.m; path = Vendor/CocoaHTTPServer/HTTPServer.m; sourceTree = "<group>"; };
		DC987C8A119294FD0020FF52 /* MyHTTPConnection.h */ = {isa = PBXFileReference; fileEncoding = 4; lastKnownFileType = sourcecode.c.h; name = MyHTTPConnection.h; path = Classes/MyHTTPConnection.h; sourceTree = "<group>"; };
		DC987C8B119294FD0020FF52 /* MyHTTPConnection.m */ = {isa = PBXFileReference; fileEncoding = 4; lastKnownFileType = sourcecode.c.objc; name = MyHTTPConnection.m; path = Classes/MyHTTPConnection.m; sourceTree = "<group>"; };
		DC987C8C119294FD0020FF52 /* MyHTTPServer.h */ = {isa = PBXFileReference; fileEncoding = 4; lastKnownFileType = sourcecode.c.h; name = MyHTTPServer.h; path = Classes/MyHTTPServer.h; sourceTree = "<group>"; };
		DC987C8D119294FD0020FF52 /* MyHTTPServer.m */ = {isa = PBXFileReference; fileEncoding = 4; lastKnownFileType = sourcecode.c.objc; name = MyHTTPServer.m; path = Classes/MyHTTPServer.m; sourceTree = "<group>"; };
		DC987C8E119294FD0020FF52 /* WebSocketLogger.h */ = {isa = PBXFileReference; fileEncoding = 4; lastKnownFileType = sourcecode.c.h; name = WebSocketLogger.h; path = Classes/WebSocketLogger.h; sourceTree = "<group>"; };
		DC987C8F119294FD0020FF52 /* WebSocketLogger.m */ = {isa = PBXFileReference; fileEncoding = 4; lastKnownFileType = sourcecode.c.objc; name = WebSocketLogger.m; path = Classes/WebSocketLogger.m; sourceTree = "<group>"; };
		DC987C95119295650020FF52 /* CFNetwork.framework */ = {isa = PBXFileReference; lastKnownFileType = wrapper.framework; name = CFNetwork.framework; path = System/Library/Frameworks/CFNetwork.framework; sourceTree = SDKROOT; };
		DC987CBE119296760020FF52 /* Web */ = {isa = PBXFileReference; lastKnownFileType = folder; path = Web; sourceTree = "<group>"; };
/* End PBXFileReference section */

/* Begin PBXFrameworksBuildPhase section */
		1D60588F0D05DD3D006BFB54 /* Frameworks */ = {
			isa = PBXFrameworksBuildPhase;
			buildActionMask = 2147483647;
			files = (
				1D60589F0D05DD5A006BFB54 /* Foundation.framework in Frameworks */,
				1DF5F4E00D08C38300B7A737 /* UIKit.framework in Frameworks */,
				288765A50DF7441C002DB57D /* CoreGraphics.framework in Frameworks */,
				DC987C96119295650020FF52 /* CFNetwork.framework in Frameworks */,
			);
			runOnlyForDeploymentPostprocessing = 0;
		};
/* End PBXFrameworksBuildPhase section */

/* Begin PBXGroup section */
		080E96DDFE201D6D7F000001 /* Classes */ = {
			isa = PBXGroup;
			children = (
				1D3623240D0F684500981E51 /* WebServerIPhoneAppDelegate.h */,
				1D3623250D0F684500981E51 /* WebServerIPhoneAppDelegate.m */,
				28D7ACF60DDB3853001CB0EB /* WebServerIPhoneViewController.h */,
				28D7ACF70DDB3853001CB0EB /* WebServerIPhoneViewController.m */,
			);
			path = Classes;
			sourceTree = "<group>";
		};
		19C28FACFE9D520D11CA2CBB /* Products */ = {
			isa = PBXGroup;
			children = (
				1D6058910D05DD3D006BFB54 /* WebServerIPhone.app */,
			);
			name = Products;
			sourceTree = "<group>";
		};
		29B97314FDCFA39411CA2CEA /* CustomTemplate */ = {
			isa = PBXGroup;
			children = (
				DC987C59119294550020FF52 /* Logging */,
				DC987C69119294770020FF52 /* HTTP */,
				DC987C89119294E10020FF52 /* MyHTTP */,
				080E96DDFE201D6D7F000001 /* Classes */,
				29B97315FDCFA39411CA2CEA /* Other Sources */,
				29B97317FDCFA39411CA2CEA /* Resources */,
				29B97323FDCFA39411CA2CEA /* Frameworks */,
				19C28FACFE9D520D11CA2CBB /* Products */,
			);
			name = CustomTemplate;
			sourceTree = "<group>";
		};
		29B97315FDCFA39411CA2CEA /* Other Sources */ = {
			isa = PBXGroup;
			children = (
				32CA4F630368D1EE00C91783 /* WebServerIPhone_Prefix.pch */,
				29B97316FDCFA39411CA2CEA /* main.m */,
			);
			name = "Other Sources";
			sourceTree = "<group>";
		};
		29B97317FDCFA39411CA2CEA /* Resources */ = {
			isa = PBXGroup;
			children = (
				DC987CBE119296760020FF52 /* Web */,
				2899E5210DE3E06400AC0155 /* WebServerIPhoneViewController.xib */,
				28AD733E0D9D9553002E5188 /* MainWindow.xib */,
				8D1107310486CEB800E47090 /* WebServerIPhone-Info.plist */,
			);
			name = Resources;
			sourceTree = "<group>";
		};
		29B97323FDCFA39411CA2CEA /* Frameworks */ = {
			isa = PBXGroup;
			children = (
				1DF5F4DF0D08C38300B7A737 /* UIKit.framework */,
				1D30AB110D05D00D00671497 /* Foundation.framework */,
				288765A40DF7441C002DB57D /* CoreGraphics.framework */,
				DC987C95119295650020FF52 /* CFNetwork.framework */,
			);
			name = Frameworks;
			sourceTree = "<group>";
		};
		DC987C59119294550020FF52 /* Logging */ = {
			isa = PBXGroup;
			children = (
				DC987C60119294680020FF52 /* DDLog.h */,
				DC987C61119294680020FF52 /* DDLog.m */,
				DC987C5C119294680020FF52 /* DDConsoleLogger.h */,
				DC987C5D119294680020FF52 /* DDConsoleLogger.m */,
				DC987C5E119294680020FF52 /* DDFileLogger.h */,
				DC987C5F119294680020FF52 /* DDFileLogger.m */,
			);
			name = Logging;
			sourceTree = "<group>";
		};
		DC987C69119294770020FF52 /* HTTP */ = {
			isa = PBXGroup;
			children = (
				DC987C851192949A0020FF52 /* TCP */,
				DC987C86119294A20020FF52 /* Categories */,
				DC987C87119294B60020FF52 /* Core */,
				DC987C88119294CD0020FF52 /* Advanced */,
			);
			name = HTTP;
			sourceTree = "<group>";
		};
		DC987C851192949A0020FF52 /* TCP */ = {
			isa = PBXGroup;
			children = (
				DC987C6A1192948F0020FF52 /* AsyncSocket.h */,
				DC987C6B1192948F0020FF52 /* AsyncSocket.m */,
			);
			name = TCP;
			sourceTree = "<group>";
		};
		DC987C86119294A20020FF52 /* Categories */ = {
			isa = PBXGroup;
			children = (
				DC987C6C1192948F0020FF52 /* DDData.h */,
				DC987C6D1192948F0020FF52 /* DDData.m */,
				DC987C6E1192948F0020FF52 /* DDNumber.h */,
				DC987C6F1192948F0020FF52 /* DDNumber.m */,
				DC987C701192948F0020FF52 /* DDRange.h */,
				DC987C711192948F0020FF52 /* DDRange.m */,
			);
			name = Categories;
			sourceTree = "<group>";
		};
		DC987C87119294B60020FF52 /* Core */ = {
			isa = PBXGroup;
			children = (
				DC987C741192948F0020FF52 /* HTTPAuthenticationRequest.h */,
				DC987C751192948F0020FF52 /* HTTPAuthenticationRequest.m */,
				DC987C7A1192948F0020FF52 /* HTTPServer.h */,
				DC987C7B1192948F0020FF52 /* HTTPServer.m */,
				DC987C761192948F0020FF52 /* HTTPConnection.h */,
				DC987C771192948F0020FF52 /* HTTPConnection.m */,
				DC987C781192948F0020FF52 /* HTTPResponse.h */,
				DC987C791192948F0020FF52 /* HTTPResponse.m */,
			);
			name = Core;
			sourceTree = "<group>";
		};
		DC987C88119294CD0020FF52 /* Advanced */ = {
			isa = PBXGroup;
			children = (
				DC987C721192948F0020FF52 /* HTTPAsyncFileResponse.h */,
				DC987C731192948F0020FF52 /* HTTPAsyncFileResponse.m */,
				DC51A0AB11935C2D00CFF783 /* HTTPDynamicFileResponse.h */,
				DC51A0AC11935C2D00CFF783 /* HTTPDynamicFileResponse.m */,
			);
			name = Advanced;
			sourceTree = "<group>";
		};
		DC987C89119294E10020FF52 /* MyHTTP */ = {
			isa = PBXGroup;
			children = (
				DC987C8C119294FD0020FF52 /* MyHTTPServer.h */,
				DC987C8D119294FD0020FF52 /* MyHTTPServer.m */,
				DC987C8A119294FD0020FF52 /* MyHTTPConnection.h */,
				DC987C8B119294FD0020FF52 /* MyHTTPConnection.m */,
				DC987C8E119294FD0020FF52 /* WebSocketLogger.h */,
				DC987C8F119294FD0020FF52 /* WebSocketLogger.m */,
			);
			name = MyHTTP;
			sourceTree = "<group>";
		};
/* End PBXGroup section */

/* Begin PBXNativeTarget section */
		1D6058900D05DD3D006BFB54 /* WebServerIPhone */ = {
			isa = PBXNativeTarget;
			buildConfigurationList = 1D6058960D05DD3E006BFB54 /* Build configuration list for PBXNativeTarget "WebServerIPhone" */;
			buildPhases = (
				1D60588D0D05DD3D006BFB54 /* Resources */,
				1D60588E0D05DD3D006BFB54 /* Sources */,
				1D60588F0D05DD3D006BFB54 /* Frameworks */,
			);
			buildRules = (
			);
			dependencies = (
			);
			name = WebServerIPhone;
			productName = WebServerIPhone;
			productReference = 1D6058910D05DD3D006BFB54 /* WebServerIPhone.app */;
			productType = "com.apple.product-type.application";
		};
/* End PBXNativeTarget section */

/* Begin PBXProject section */
		29B97313FDCFA39411CA2CEA /* Project object */ = {
			isa = PBXProject;
			buildConfigurationList = C01FCF4E08A954540054247B /* Build configuration list for PBXProject "WebServerIPhone" */;
			compatibilityVersion = "Xcode 3.1";
			hasScannedForEncodings = 1;
			mainGroup = 29B97314FDCFA39411CA2CEA /* CustomTemplate */;
			projectDirPath = "";
			projectRoot = "";
			targets = (
				1D6058900D05DD3D006BFB54 /* WebServerIPhone */,
			);
		};
/* End PBXProject section */

/* Begin PBXResourcesBuildPhase section */
		1D60588D0D05DD3D006BFB54 /* Resources */ = {
			isa = PBXResourcesBuildPhase;
			buildActionMask = 2147483647;
			files = (
				28AD733F0D9D9553002E5188 /* MainWindow.xib in Resources */,
				2899E5220DE3E06400AC0155 /* WebServerIPhoneViewController.xib in Resources */,
				DC987CC4119296760020FF52 /* Web in Resources */,
			);
			runOnlyForDeploymentPostprocessing = 0;
		};
/* End PBXResourcesBuildPhase section */

/* Begin PBXSourcesBuildPhase section */
		1D60588E0D05DD3D006BFB54 /* Sources */ = {
			isa = PBXSourcesBuildPhase;
			buildActionMask = 2147483647;
			files = (
				1D60589B0D05DD56006BFB54 /* main.m in Sources */,
				1D3623260D0F684500981E51 /* WebServerIPhoneAppDelegate.m in Sources */,
				28D7ACF80DDB3853001CB0EB /* WebServerIPhoneViewController.m in Sources */,
				DC987C64119294680020FF52 /* DDConsoleLogger.m in Sources */,
				DC987C65119294680020FF52 /* DDFileLogger.m in Sources */,
				DC987C66119294680020FF52 /* DDLog.m in Sources */,
				DC987C7C1192948F0020FF52 /* AsyncSocket.m in Sources */,
				DC987C7D1192948F0020FF52 /* DDData.m in Sources */,
				DC987C7E1192948F0020FF52 /* DDNumber.m in Sources */,
				DC987C7F1192948F0020FF52 /* DDRange.m in Sources */,
				DC987C801192948F0020FF52 /* HTTPAsyncFileResponse.m in Sources */,
				DC987C811192948F0020FF52 /* HTTPAuthenticationRequest.m in Sources */,
				DC987C821192948F0020FF52 /* HTTPConnection.m in Sources */,
				DC987C831192948F0020FF52 /* HTTPResponse.m in Sources */,
				DC987C841192948F0020FF52 /* HTTPServer.m in Sources */,
				DC987C90119294FD0020FF52 /* MyHTTPConnection.m in Sources */,
				DC987C91119294FD0020FF52 /* MyHTTPServer.m in Sources */,
				DC987C92119294FD0020FF52 /* WebSocketLogger.m in Sources */,
				DC51A0AD11935C2D00CFF783 /* HTTPDynamicFileResponse.m in Sources */,
			);
			runOnlyForDeploymentPostprocessing = 0;
		};
/* End PBXSourcesBuildPhase section */

/* Begin XCBuildConfiguration section */
		1D6058940D05DD3E006BFB54 /* Debug */ = {
			isa = XCBuildConfiguration;
			buildSettings = {
				ALWAYS_SEARCH_USER_PATHS = NO;
				COPY_PHASE_STRIP = NO;
				GCC_DYNAMIC_NO_PIC = NO;
				GCC_OPTIMIZATION_LEVEL = 0;
				GCC_PRECOMPILE_PREFIX_HEADER = YES;
				GCC_PREFIX_HEADER = WebServerIPhone_Prefix.pch;
				INFOPLIST_FILE = "WebServerIPhone-Info.plist";
				PRODUCT_NAME = WebServerIPhone;
			};
			name = Debug;
		};
		1D6058950D05DD3E006BFB54 /* Release */ = {
			isa = XCBuildConfiguration;
			buildSettings = {
				ALWAYS_SEARCH_USER_PATHS = NO;
				COPY_PHASE_STRIP = YES;
				GCC_PRECOMPILE_PREFIX_HEADER = YES;
				GCC_PREFIX_HEADER = WebServerIPhone_Prefix.pch;
				INFOPLIST_FILE = "WebServerIPhone-Info.plist";
				PRODUCT_NAME = WebServerIPhone;
			};
			name = Release;
		};
		C01FCF4F08A954540054247B /* Debug */ = {
			isa = XCBuildConfiguration;
			buildSettings = {
				ARCHS = "$(ARCHS_STANDARD_32_BIT)";
				"CODE_SIGN_IDENTITY[sdk=iphoneos*]" = "iPhone Developer";
				GCC_C_LANGUAGE_STANDARD = c99;
				GCC_WARN_ABOUT_RETURN_TYPE = YES;
				GCC_WARN_UNUSED_VARIABLE = YES;
				PREBINDING = NO;
				SDKROOT = iphoneos3.1.3;
			};
			name = Debug;
		};
		C01FCF5008A954540054247B /* Release */ = {
			isa = XCBuildConfiguration;
			buildSettings = {
				ARCHS = "$(ARCHS_STANDARD_32_BIT)";
				"CODE_SIGN_IDENTITY[sdk=iphoneos*]" = "iPhone Developer";
				GCC_C_LANGUAGE_STANDARD = c99;
				GCC_WARN_ABOUT_RETURN_TYPE = YES;
				GCC_WARN_UNUSED_VARIABLE = YES;
				PREBINDING = NO;
				SDKROOT = iphoneos3.1.3;
			};
			name = Release;
		};
/* End XCBuildConfiguration section */

/* Begin XCConfigurationList section */
		1D6058960D05DD3E006BFB54 /* Build configuration list for PBXNativeTarget "WebServerIPhone" */ = {
			isa = XCConfigurationList;
			buildConfigurations = (
				1D6058940D05DD3E006BFB54 /* Debug */,
				1D6058950D05DD3E006BFB54 /* Release */,
			);
			defaultConfigurationIsVisible = 0;
			defaultConfigurationName = Release;
		};
		C01FCF4E08A954540054247B /* Build configuration list for PBXProject "WebServerIPhone" */ = {
			isa = XCConfigurationList;
			buildConfigurations = (
				C01FCF4F08A954540054247B /* Debug */,
				C01FCF5008A954540054247B /* Release */,
			);
			defaultConfigurationIsVisible = 0;
			defaultConfigurationName = Release;
		};
/* End XCConfigurationList section */
	};
	rootObject = 29B97313FDCFA39411CA2CEA /* Project object */;
}
