// !$*UTF8*$!
{
	archiveVersion = 1;
	classes = {
	};
	objectVersion = 46;
	objects = {

/* Begin PBXBuildFile section */
		DC361299156E1D3800956227 /* UIKit.framework in Frameworks */ = {isa = PBXBuildFile; fileRef = DC361298156E1D3800956227 /* UIKit.framework */; };
		DC36129B156E1D3800956227 /* Foundation.framework in Frameworks */ = {isa = PBXBuildFile; fileRef = DC36129A156E1D3800956227 /* Foundation.framework */; };
		DC36129D156E1D3800956227 /* CoreGraphics.framework in Frameworks */ = {isa = PBXBuildFile; fileRef = DC36129C156E1D3800956227 /* CoreGraphics.framework */; };
		DC3612A3156E1D3800956227 /* InfoPlist.strings in Resources */ = {isa = PBXBuildFile; fileRef = DC3612A1156E1D3800956227 /* InfoPlist.strings */; };
		DC3612A5156E1D3800956227 /* main.m in Sources */ = {isa = PBXBuildFile; fileRef = DC3612A4156E1D3800956227 /* main.m */; };
		DC3612A9156E1D3800956227 /* AppDelegate.m in Sources */ = {isa = PBXBuildFile; fileRef = DC3612A8156E1D3800956227 /* AppDelegate.m */; };
		DC3612AC156E1D3800956227 /* ViewController.m in Sources */ = {isa = PBXBuildFile; fileRef = DC3612AB156E1D3800956227 /* ViewController.m */; };
		DC3612AF156E1D3800956227 /* ViewController.xib in Resources */ = {isa = PBXBuildFile; fileRef = DC3612AD156E1D3800956227 /* ViewController.xib */; };
		DC3612CA156E1DAD00956227 /* DDAbstractDatabaseLogger.m in Sources */ = {isa = PBXBuildFile; fileRef = DC3612BB156E1DAD00956227 /* DDAbstractDatabaseLogger.m */; };
		DC3612CB156E1DAD00956227 /* DDASLLogger.m in Sources */ = {isa = PBXBuildFile; fileRef = DC3612BD156E1DAD00956227 /* DDASLLogger.m */; };
		DC3612CC156E1DAD00956227 /* DDFileLogger.m in Sources */ = {isa = PBXBuildFile; fileRef = DC3612BF156E1DAD00956227 /* DDFileLogger.m */; };
		DC3612CD156E1DAD00956227 /* DDLog.m in Sources */ = {isa = PBXBuildFile; fileRef = DC3612C1156E1DAD00956227 /* DDLog.m */; };
		DC3612CE156E1DAD00956227 /* DDTTYLogger.m in Sources */ = {isa = PBXBuildFile; fileRef = DC3612C3156E1DAD00956227 /* DDTTYLogger.m */; };
		DC3612CF156E1DAD00956227 /* DDContextFilterLogFormatter.m in Sources */ = {isa = PBXBuildFile; fileRef = DC3612C6156E1DAD00956227 /* DDContextFilterLogFormatter.m */; };
		DC3612D0156E1DAD00956227 /* DDDispatchQueueLogFormatter.m in Sources */ = {isa = PBXBuildFile; fileRef = DC3612C8156E1DAD00956227 /* DDDispatchQueueLogFormatter.m */; };
		DC3612D1156E1DAD00956227 /* README.txt in Resources */ = {isa = PBXBuildFile; fileRef = DC3612C9156E1DAD00956227 /* README.txt */; };
		DCD6EACC16FFC47500710668 /* Default-568h@2x.png in Resources */ = {isa = PBXBuildFile; fileRef = DCD6EACB16FFC47500710668 /* Default-568h@2x.png */; };
/* End PBXBuildFile section */

/* Begin PBXFileReference section */
		DC361294156E1D3800956227 /* TextXcodeColors.app */ = {isa = PBXFileReference; explicitFileType = wrapper.application; includeInIndex = 0; path = TextXcodeColors.app; sourceTree = BUILT_PRODUCTS_DIR; };
		DC361298156E1D3800956227 /* UIKit.framework */ = {isa = PBXFileReference; lastKnownFileType = wrapper.framework; name = UIKit.framework; path = System/Library/Frameworks/UIKit.framework; sourceTree = SDKROOT; };
		DC36129A156E1D3800956227 /* Foundation.framework */ = {isa = PBXFileReference; lastKnownFileType = wrapper.framework; name = Foundation.framework; path = System/Library/Frameworks/Foundation.framework; sourceTree = SDKROOT; };
		DC36129C156E1D3800956227 /* CoreGraphics.framework */ = {isa = PBXFileReference; lastKnownFileType = wrapper.framework; name = CoreGraphics.framework; path = System/Library/Frameworks/CoreGraphics.framework; sourceTree = SDKROOT; };
		DC3612A0156E1D3800956227 /* TextXcodeColors-Info.plist */ = {isa = PBXFileReference; lastKnownFileType = text.plist.xml; path = "TextXcodeColors-Info.plist"; sourceTree = "<group>"; };
		DC3612A2156E1D3800956227 /* en */ = {isa = PBXFileReference; lastKnownFileType = text.plist.strings; name = en; path = en.lproj/InfoPlist.strings; sourceTree = "<group>"; };
		DC3612A4156E1D3800956227 /* main.m */ = {isa = PBXFileReference; lastKnownFileType = sourcecode.c.objc; path = main.m; sourceTree = "<group>"; };
		DC3612A6156E1D3800956227 /* TextXcodeColors-Prefix.pch */ = {isa = PBXFileReference; lastKnownFileType = sourcecode.c.h; path = "TextXcodeColors-Prefix.pch"; sourceTree = "<group>"; };
		DC3612A7156E1D3800956227 /* AppDelegate.h */ = {isa = PBXFileReference; lastKnownFileType = sourcecode.c.h; path = AppDelegate.h; sourceTree = "<group>"; };
		DC3612A8156E1D3800956227 /* AppDelegate.m */ = {isa = PBXFileReference; lastKnownFileType = sourcecode.c.objc; path = AppDelegate.m; sourceTree = "<group>"; };
		DC3612AA156E1D3800956227 /* ViewController.h */ = {isa = PBXFileReference; lastKnownFileType = sourcecode.c.h; path = ViewController.h; sourceTree = "<group>"; };
		DC3612AB156E1D3800956227 /* ViewController.m */ = {isa = PBXFileReference; lastKnownFileType = sourcecode.c.objc; path = ViewController.m; sourceTree = "<group>"; };
		DC3612AE156E1D3800956227 /* en */ = {isa = PBXFileReference; lastKnownFileType = file.xib; name = en; path = en.lproj/ViewController.xib; sourceTree = "<group>"; };
		DC3612BA156E1DAD00956227 /* DDAbstractDatabaseLogger.h */ = {isa = PBXFileReference; fileEncoding = 4; lastKnownFileType = sourcecode.c.h; path = DDAbstractDatabaseLogger.h; sourceTree = "<group>"; };
		DC3612BB156E1DAD00956227 /* DDAbstractDatabaseLogger.m */ = {isa = PBXFileReference; fileEncoding = 4; lastKnownFileType = sourcecode.c.objc; path = DDAbstractDatabaseLogger.m; sourceTree = "<group>"; };
		DC3612BC156E1DAD00956227 /* DDASLLogger.h */ = {isa = PBXFileReference; fileEncoding = 4; lastKnownFileType = sourcecode.c.h; path = DDASLLogger.h; sourceTree = "<group>"; };
		DC3612BD156E1DAD00956227 /* DDASLLogger.m */ = {isa = PBXFileReference; fileEncoding = 4; lastKnownFileType = sourcecode.c.objc; path = DDASLLogger.m; sourceTree = "<group>"; };
		DC3612BE156E1DAD00956227 /* DDFileLogger.h */ = {isa = PBXFileReference; fileEncoding = 4; lastKnownFileType = sourcecode.c.h; path = DDFileLogger.h; sourceTree = "<group>"; };
		DC3612BF156E1DAD00956227 /* DDFileLogger.m */ = {isa = PBXFileReference; fileEncoding = 4; lastKnownFileType = sourcecode.c.objc; path = DDFileLogger.m; sourceTree = "<group>"; };
		DC3612C0156E1DAD00956227 /* DDLog.h */ = {isa = PBXFileReference; fileEncoding = 4; lastKnownFileType = sourcecode.c.h; path = DDLog.h; sourceTree = "<group>"; };
		DC3612C1156E1DAD00956227 /* DDLog.m */ = {isa = PBXFileReference; fileEncoding = 4; lastKnownFileType = sourcecode.c.objc; path = DDLog.m; sourceTree = "<group>"; };
		DC3612C2156E1DAD00956227 /* DDTTYLogger.h */ = {isa = PBXFileReference; fileEncoding = 4; lastKnownFileType = sourcecode.c.h; path = DDTTYLogger.h; sourceTree = "<group>"; };
		DC3612C3156E1DAD00956227 /* DDTTYLogger.m */ = {isa = PBXFileReference; fileEncoding = 4; lastKnownFileType = sourcecode.c.objc; path = DDTTYLogger.m; sourceTree = "<group>"; };
		DC3612C5156E1DAD00956227 /* DDContextFilterLogFormatter.h */ = {isa = PBXFileReference; fileEncoding = 4; lastKnownFileType = sourcecode.c.h; path = DDContextFilterLogFormatter.h; sourceTree = "<group>"; };
		DC3612C6156E1DAD00956227 /* DDContextFilterLogFormatter.m */ = {isa = PBXFileReference; fileEncoding = 4; lastKnownFileType = sourcecode.c.objc; path = DDContextFilterLogFormatter.m; sourceTree = "<group>"; };
		DC3612C7156E1DAD00956227 /* DDDispatchQueueLogFormatter.h */ = {isa = PBXFileReference; fileEncoding = 4; lastKnownFileType = sourcecode.c.h; path = DDDispatchQueueLogFormatter.h; sourceTree = "<group>"; };
		DC3612C8156E1DAD00956227 /* DDDispatchQueueLogFormatter.m */ = {isa = PBXFileReference; fileEncoding = 4; lastKnownFileType = sourcecode.c.objc; path = DDDispatchQueueLogFormatter.m; sourceTree = "<group>"; };
		DC3612C9156E1DAD00956227 /* README.txt */ = {isa = PBXFileReference; fileEncoding = 4; lastKnownFileType = text; path = README.txt; sourceTree = "<group>"; };
		DCD6EACB16FFC47500710668 /* Default-568h@2x.png */ = {isa = PBXFileReference; lastKnownFileType = image.png; path = "Default-568h@2x.png"; sourceTree = "<group>"; };
/* End PBXFileReference section */

/* Begin PBXFrameworksBuildPhase section */
		DC361291156E1D3800956227 /* Frameworks */ = {
			isa = PBXFrameworksBuildPhase;
			buildActionMask = 2147483647;
			files = (
				DC361299156E1D3800956227 /* UIKit.framework in Frameworks */,
				DC36129B156E1D3800956227 /* Foundation.framework in Frameworks */,
				DC36129D156E1D3800956227 /* CoreGraphics.framework in Frameworks */,
			);
			runOnlyForDeploymentPostprocessing = 0;
		};
/* End PBXFrameworksBuildPhase section */

/* Begin PBXGroup section */
		DC361289156E1D3700956227 = {
			isa = PBXGroup;
			children = (
				DCD6EACB16FFC47500710668 /* Default-568h@2x.png */,
				DC3612B9156E1DAD00956227 /* Lumberjack */,
				DC36129E156E1D3800956227 /* TextXcodeColors */,
				DC361297156E1D3800956227 /* Frameworks */,
				DC361295156E1D3800956227 /* Products */,
			);
			sourceTree = "<group>";
		};
		DC361295156E1D3800956227 /* Products */ = {
			isa = PBXGroup;
			children = (
				DC361294156E1D3800956227 /* TextXcodeColors.app */,
			);
			name = Products;
			sourceTree = "<group>";
		};
		DC361297156E1D3800956227 /* Frameworks */ = {
			isa = PBXGroup;
			children = (
				DC361298156E1D3800956227 /* UIKit.framework */,
				DC36129A156E1D3800956227 /* Foundation.framework */,
				DC36129C156E1D3800956227 /* CoreGraphics.framework */,
			);
			name = Frameworks;
			sourceTree = "<group>";
		};
		DC36129E156E1D3800956227 /* TextXcodeColors */ = {
			isa = PBXGroup;
			children = (
				DC3612A7156E1D3800956227 /* AppDelegate.h */,
				DC3612A8156E1D3800956227 /* AppDelegate.m */,
				DC3612AA156E1D3800956227 /* ViewController.h */,
				DC3612AB156E1D3800956227 /* ViewController.m */,
				DC3612AD156E1D3800956227 /* ViewController.xib */,
				DC36129F156E1D3800956227 /* Supporting Files */,
			);
			path = TextXcodeColors;
			sourceTree = "<group>";
		};
		DC36129F156E1D3800956227 /* Supporting Files */ = {
			isa = PBXGroup;
			children = (
				DC3612A0156E1D3800956227 /* TextXcodeColors-Info.plist */,
				DC3612A1156E1D3800956227 /* InfoPlist.strings */,
				DC3612A4156E1D3800956227 /* main.m */,
				DC3612A6156E1D3800956227 /* TextXcodeColors-Prefix.pch */,
			);
			name = "Supporting Files";
			sourceTree = "<group>";
		};
		DC3612B9156E1DAD00956227 /* Lumberjack */ = {
			isa = PBXGroup;
			children = (
				DC3612C0156E1DAD00956227 /* DDLog.h */,
				DC3612C1156E1DAD00956227 /* DDLog.m */,
				DC3612BC156E1DAD00956227 /* DDASLLogger.h */,
				DC3612BD156E1DAD00956227 /* DDASLLogger.m */,
				DC3612C2156E1DAD00956227 /* DDTTYLogger.h */,
				DC3612C3156E1DAD00956227 /* DDTTYLogger.m */,
				DC3612BE156E1DAD00956227 /* DDFileLogger.h */,
				DC3612BF156E1DAD00956227 /* DDFileLogger.m */,
				DC3612BA156E1DAD00956227 /* DDAbstractDatabaseLogger.h */,
				DC3612BB156E1DAD00956227 /* DDAbstractDatabaseLogger.m */,
				DC3612C4156E1DAD00956227 /* Extensions */,
			);
			name = Lumberjack;
			path = ../../../../Lumberjack;
			sourceTree = "<group>";
		};
		DC3612C4156E1DAD00956227 /* Extensions */ = {
			isa = PBXGroup;
			children = (
				DC3612C5156E1DAD00956227 /* DDContextFilterLogFormatter.h */,
				DC3612C6156E1DAD00956227 /* DDContextFilterLogFormatter.m */,
				DC3612C7156E1DAD00956227 /* DDDispatchQueueLogFormatter.h */,
				DC3612C8156E1DAD00956227 /* DDDispatchQueueLogFormatter.m */,
				DC3612C9156E1DAD00956227 /* README.txt */,
			);
			path = Extensions;
			sourceTree = "<group>";
		};
/* End PBXGroup section */

/* Begin PBXNativeTarget section */
		DC361293156E1D3800956227 /* TextXcodeColors */ = {
			isa = PBXNativeTarget;
			buildConfigurationList = DC3612B2156E1D3800956227 /* Build configuration list for PBXNativeTarget "TextXcodeColors" */;
			buildPhases = (
				DC361290156E1D3800956227 /* Sources */,
				DC361291156E1D3800956227 /* Frameworks */,
				DC361292156E1D3800956227 /* Resources */,
			);
			buildRules = (
			);
			dependencies = (
			);
			name = TextXcodeColors;
			productName = TextXcodeColors;
			productReference = DC361294156E1D3800956227 /* TextXcodeColors.app */;
			productType = "com.apple.product-type.application";
		};
/* End PBXNativeTarget section */

/* Begin PBXProject section */
		DC36128B156E1D3700956227 /* Project object */ = {
			isa = PBXProject;
			attributes = {
				LastUpgradeCheck = 0500;
			};
			buildConfigurationList = DC36128E156E1D3700956227 /* Build configuration list for PBXProject "TextXcodeColors" */;
			compatibilityVersion = "Xcode 3.2";
			developmentRegion = English;
			hasScannedForEncodings = 0;
			knownRegions = (
				en,
			);
			mainGroup = DC361289156E1D3700956227;
			productRefGroup = DC361295156E1D3800956227 /* Products */;
			projectDirPath = "";
			projectRoot = "";
			targets = (
				DC361293156E1D3800956227 /* TextXcodeColors */,
			);
		};
/* End PBXProject section */

/* Begin PBXResourcesBuildPhase section */
		DC361292156E1D3800956227 /* Resources */ = {
			isa = PBXResourcesBuildPhase;
			buildActionMask = 2147483647;
			files = (
				DC3612A3156E1D3800956227 /* InfoPlist.strings in Resources */,
				DC3612AF156E1D3800956227 /* ViewController.xib in Resources */,
				DC3612D1156E1DAD00956227 /* README.txt in Resources */,
				DCD6EACC16FFC47500710668 /* Default-568h@2x.png in Resources */,
			);
			runOnlyForDeploymentPostprocessing = 0;
		};
/* End PBXResourcesBuildPhase section */

/* Begin PBXSourcesBuildPhase section */
		DC361290156E1D3800956227 /* Sources */ = {
			isa = PBXSourcesBuildPhase;
			buildActionMask = 2147483647;
			files = (
				DC3612A5156E1D3800956227 /* main.m in Sources */,
				DC3612A9156E1D3800956227 /* AppDelegate.m in Sources */,
				DC3612AC156E1D3800956227 /* ViewController.m in Sources */,
				DC3612CA156E1DAD00956227 /* DDAbstractDatabaseLogger.m in Sources */,
				DC3612CB156E1DAD00956227 /* DDASLLogger.m in Sources */,
				DC3612CC156E1DAD00956227 /* DDFileLogger.m in Sources */,
				DC3612CD156E1DAD00956227 /* DDLog.m in Sources */,
				DC3612CE156E1DAD00956227 /* DDTTYLogger.m in Sources */,
				DC3612CF156E1DAD00956227 /* DDContextFilterLogFormatter.m in Sources */,
				DC3612D0156E1DAD00956227 /* DDDispatchQueueLogFormatter.m in Sources */,
			);
			runOnlyForDeploymentPostprocessing = 0;
		};
/* End PBXSourcesBuildPhase section */

/* Begin PBXVariantGroup section */
		DC3612A1156E1D3800956227 /* InfoPlist.strings */ = {
			isa = PBXVariantGroup;
			children = (
				DC3612A2156E1D3800956227 /* en */,
			);
			name = InfoPlist.strings;
			sourceTree = "<group>";
		};
		DC3612AD156E1D3800956227 /* ViewController.xib */ = {
			isa = PBXVariantGroup;
			children = (
				DC3612AE156E1D3800956227 /* en */,
			);
			name = ViewController.xib;
			sourceTree = "<group>";
		};
/* End PBXVariantGroup section */

/* Begin XCBuildConfiguration section */
		DC3612B0156E1D3800956227 /* Debug */ = {
			isa = XCBuildConfiguration;
			buildSettings = {
				ALWAYS_SEARCH_USER_PATHS = NO;
				ARCHS = "$(ARCHS_STANDARD_32_BIT)";
				CLANG_ENABLE_OBJC_ARC = YES;
				CLANG_WARN_BOOL_CONVERSION = YES;
				CLANG_WARN_CONSTANT_CONVERSION = YES;
				CLANG_WARN_EMPTY_BODY = YES;
				CLANG_WARN_ENUM_CONVERSION = YES;
				CLANG_WARN_INT_CONVERSION = YES;
				CLANG_WARN__DUPLICATE_METHOD_MATCH = YES;
				"CODE_SIGN_IDENTITY[sdk=iphoneos*]" = "iPhone Developer";
				COPY_PHASE_STRIP = NO;
				GCC_C_LANGUAGE_STANDARD = gnu99;
				GCC_DYNAMIC_NO_PIC = NO;
				GCC_OPTIMIZATION_LEVEL = 0;
				GCC_PREPROCESSOR_DEFINITIONS = (
					"DEBUG=1",
					"$(inherited)",
				);
				GCC_SYMBOLS_PRIVATE_EXTERN = NO;
				GCC_VERSION = com.apple.compilers.llvm.clang.1_0;
				GCC_WARN_64_TO_32_BIT_CONVERSION = YES;
				GCC_WARN_ABOUT_RETURN_TYPE = YES;
				GCC_WARN_UNDECLARED_SELECTOR = YES;
				GCC_WARN_UNINITIALIZED_AUTOS = YES;
				GCC_WARN_UNUSED_FUNCTION = YES;
				GCC_WARN_UNUSED_VARIABLE = YES;
				IPHONEOS_DEPLOYMENT_TARGET = 5.1;
				ONLY_ACTIVE_ARCH = YES;
				SDKROOT = iphoneos;
			};
			name = Debug;
		};
		DC3612B1156E1D3800956227 /* Release */ = {
			isa = XCBuildConfiguration;
			buildSettings = {
				ALWAYS_SEARCH_USER_PATHS = NO;
				ARCHS = "$(ARCHS_STANDARD_32_BIT)";
				CLANG_ENABLE_OBJC_ARC = YES;
				CLANG_WARN_BOOL_CONVERSION = YES;
				CLANG_WARN_CONSTANT_CONVERSION = YES;
				CLANG_WARN_EMPTY_BODY = YES;
				CLANG_WARN_ENUM_CONVERSION = YES;
				CLANG_WARN_INT_CONVERSION = YES;
				CLANG_WARN__DUPLICATE_METHOD_MATCH = YES;
				"CODE_SIGN_IDENTITY[sdk=iphoneos*]" = "iPhone Developer";
				COPY_PHASE_STRIP = YES;
				GCC_C_LANGUAGE_STANDARD = gnu99;
				GCC_VERSION = com.apple.compilers.llvm.clang.1_0;
				GCC_WARN_64_TO_32_BIT_CONVERSION = YES;
				GCC_WARN_ABOUT_RETURN_TYPE = YES;
				GCC_WARN_UNDECLARED_SELECTOR = YES;
				GCC_WARN_UNINITIALIZED_AUTOS = YES;
				GCC_WARN_UNUSED_FUNCTION = YES;
				GCC_WARN_UNUSED_VARIABLE = YES;
				IPHONEOS_DEPLOYMENT_TARGET = 5.1;
				OTHER_CFLAGS = "-DNS_BLOCK_ASSERTIONS=1";
				SDKROOT = iphoneos;
				VALIDATE_PRODUCT = YES;
			};
			name = Release;
		};
		DC3612B3156E1D3800956227 /* Debug */ = {
			isa = XCBuildConfiguration;
			buildSettings = {
				GCC_PRECOMPILE_PREFIX_HEADER = YES;
				GCC_PREFIX_HEADER = "TextXcodeColors/TextXcodeColors-Prefix.pch";
				INFOPLIST_FILE = "TextXcodeColors/TextXcodeColors-Info.plist";
				PRODUCT_NAME = "$(TARGET_NAME)";
				WRAPPER_EXTENSION = app;
			};
			name = Debug;
		};
		DC3612B4156E1D3800956227 /* Release */ = {
			isa = XCBuildConfiguration;
			buildSettings = {
				GCC_PRECOMPILE_PREFIX_HEADER = YES;
				GCC_PREFIX_HEADER = "TextXcodeColors/TextXcodeColors-Prefix.pch";
				INFOPLIST_FILE = "TextXcodeColors/TextXcodeColors-Info.plist";
				PRODUCT_NAME = "$(TARGET_NAME)";
				WRAPPER_EXTENSION = app;
			};
			name = Release;
		};
/* End XCBuildConfiguration section */

/* Begin XCConfigurationList section */
		DC36128E156E1D3700956227 /* Build configuration list for PBXProject "TextXcodeColors" */ = {
			isa = XCConfigurationList;
			buildConfigurations = (
				DC3612B0156E1D3800956227 /* Debug */,
				DC3612B1156E1D3800956227 /* Release */,
			);
			defaultConfigurationIsVisible = 0;
			defaultConfigurationName = Release;
		};
		DC3612B2156E1D3800956227 /* Build configuration list for PBXNativeTarget "TextXcodeColors" */ = {
			isa = XCConfigurationList;
			buildConfigurations = (
				DC3612B3156E1D3800956227 /* Debug */,
				DC3612B4156E1D3800956227 /* Release */,
			);
			defaultConfigurationIsVisible = 0;
			defaultConfigurationName = Release;
		};
/* End XCConfigurationList section */
	};
	rootObject = DC36128B156E1D3700956227 /* Project object */;
}
