PODS:
  - CocoaLumberjack (1.9.1):
    - CocoaLumberjack/Extensions
  - CocoaLumberjack/Core (1.9.1)
  - CocoaLumberjack/Extensions (1.9.1):
    - CocoaLumberjack/Core

DEPENDENCIES:
  - CocoaLumberjack (from `../../`)

EXTERNAL SOURCES:
  CocoaLumberjack:
    :path: ../../

SPEC CHECKSUMS:
  CocoaLumberjack: eb7803047aeb82522022bf4507fb01a0c5dd8580

COCOAPODS: 0.33.1
