// !$*UTF8*$!
{
	archiveVersion = 1;
	classes = {
	};
	objectVersion = 46;
	objects = {

/* Begin PBXBuildFile section */
		530AD6151446D9A700500989 /* DDAbstractDatabaseLogger.h in Headers */ = {isa = PBXBuildFile; fileRef = 530AD60B1446D9A700500989 /* DDAbstractDatabaseLogger.h */; };
		530AD6161446D9A700500989 /* DDAbstractDatabaseLogger.m in Sources */ = {isa = PBXBuildFile; fileRef = 530AD60C1446D9A700500989 /* DDAbstractDatabaseLogger.m */; };
		530AD6171446D9A700500989 /* DDASLLogger.h in Headers */ = {isa = PBXBuildFile; fileRef = 530AD60D1446D9A700500989 /* DDASLLogger.h */; };
		530AD6181446D9A700500989 /* DDASLLogger.m in Sources */ = {isa = PBXBuildFile; fileRef = 530AD60E1446D9A700500989 /* DDASLLogger.m */; };
		530AD6191446D9A700500989 /* DDFileLogger.h in Headers */ = {isa = PBXBuildFile; fileRef = 530AD60F1446D9A700500989 /* DDFileLogger.h */; };
		530AD61A1446D9A700500989 /* DDFileLogger.m in Sources */ = {isa = PBXBuildFile; fileRef = 530AD6101446D9A700500989 /* DDFileLogger.m */; };
		530AD61B1446D9A700500989 /* DDLog.h in Headers */ = {isa = PBXBuildFile; fileRef = 530AD6111446D9A700500989 /* DDLog.h */; };
		530AD61C1446D9A700500989 /* DDLog.m in Sources */ = {isa = PBXBuildFile; fileRef = 530AD6121446D9A700500989 /* DDLog.m */; };
		530AD61D1446D9A700500989 /* DDTTYLogger.h in Headers */ = {isa = PBXBuildFile; fileRef = 530AD6131446D9A700500989 /* DDTTYLogger.h */; };
		530AD61E1446D9A700500989 /* DDTTYLogger.m in Sources */ = {isa = PBXBuildFile; fileRef = 530AD6141446D9A700500989 /* DDTTYLogger.m */; };
		53E7CC9D144D6C96002A014D /* CocoaLumberjack.h in Headers */ = {isa = PBXBuildFile; fileRef = 53E7CC9C144D6C96002A014D /* CocoaLumberjack.h */; };
		53F0E0BA144DC87E000C49E2 /* DDLogLevelPlaceholder.h in Headers */ = {isa = PBXBuildFile; fileRef = 53F0E0B9144DC87E000C49E2 /* DDLogLevelPlaceholder.h */; };
		AA747D9F0F9514B9006C5449 /* LumberjackLogger_Prefix.pch in Headers */ = {isa = PBXBuildFile; fileRef = AA747D9E0F9514B9006C5449 /* LumberjackLogger_Prefix.pch */; };
		AACBBE4A0F95108600F1A2B1 /* Foundation.framework in Frameworks */ = {isa = PBXBuildFile; fileRef = AACBBE490F95108600F1A2B1 /* Foundation.framework */; };
/* End PBXBuildFile section */

/* Begin PBXFileReference section */
		530AD60B1446D9A700500989 /* DDAbstractDatabaseLogger.h */ = {isa = PBXFileReference; fileEncoding = 4; lastKnownFileType = sourcecode.c.h; name = DDAbstractDatabaseLogger.h; path = ../DDAbstractDatabaseLogger.h; sourceTree = SOURCE_ROOT; };
		530AD60C1446D9A700500989 /* DDAbstractDatabaseLogger.m */ = {isa = PBXFileReference; fileEncoding = 4; lastKnownFileType = sourcecode.c.objc; name = DDAbstractDatabaseLogger.m; path = ../DDAbstractDatabaseLogger.m; sourceTree = SOURCE_ROOT; };
		530AD60D1446D9A700500989 /* DDASLLogger.h */ = {isa = PBXFileReference; fileEncoding = 4; lastKnownFileType = sourcecode.c.h; name = DDASLLogger.h; path = ../DDASLLogger.h; sourceTree = SOURCE_ROOT; };
		530AD60E1446D9A700500989 /* DDASLLogger.m */ = {isa = PBXFileReference; fileEncoding = 4; lastKnownFileType = sourcecode.c.objc; name = DDASLLogger.m; path = ../DDASLLogger.m; sourceTree = SOURCE_ROOT; };
		530AD60F1446D9A700500989 /* DDFileLogger.h */ = {isa = PBXFileReference; fileEncoding = 4; lastKnownFileType = sourcecode.c.h; name = DDFileLogger.h; path = ../DDFileLogger.h; sourceTree = SOURCE_ROOT; };
		530AD6101446D9A700500989 /* DDFileLogger.m */ = {isa = PBXFileReference; fileEncoding = 4; lastKnownFileType = sourcecode.c.objc; name = DDFileLogger.m; path = ../DDFileLogger.m; sourceTree = SOURCE_ROOT; };
		530AD6111446D9A700500989 /* DDLog.h */ = {isa = PBXFileReference; fileEncoding = 4; lastKnownFileType = sourcecode.c.h; name = DDLog.h; path = ../DDLog.h; sourceTree = SOURCE_ROOT; };
		530AD6121446D9A700500989 /* DDLog.m */ = {isa = PBXFileReference; fileEncoding = 4; lastKnownFileType = sourcecode.c.objc; name = DDLog.m; path = ../DDLog.m; sourceTree = SOURCE_ROOT; };
		530AD6131446D9A700500989 /* DDTTYLogger.h */ = {isa = PBXFileReference; fileEncoding = 4; lastKnownFileType = sourcecode.c.h; name = DDTTYLogger.h; path = ../DDTTYLogger.h; sourceTree = SOURCE_ROOT; };
		530AD6141446D9A700500989 /* DDTTYLogger.m */ = {isa = PBXFileReference; fileEncoding = 4; lastKnownFileType = sourcecode.c.objc; name = DDTTYLogger.m; path = ../DDTTYLogger.m; sourceTree = SOURCE_ROOT; };
		53E7CC9C144D6C96002A014D /* CocoaLumberjack.h */ = {isa = PBXFileReference; fileEncoding = 4; lastKnownFileType = sourcecode.c.h; name = CocoaLumberjack.h; path = ../CocoaLumberjack.h; sourceTree = SOURCE_ROOT; };
		53F0E0B9144DC87E000C49E2 /* DDLogLevelPlaceholder.h */ = {isa = PBXFileReference; fileEncoding = 4; lastKnownFileType = sourcecode.c.h; name = DDLogLevelPlaceholder.h; path = ../DDLogLevelPlaceholder.h; sourceTree = "<group>"; };
		AA747D9E0F9514B9006C5449 /* LumberjackLogger_Prefix.pch */ = {isa = PBXFileReference; fileEncoding = 4; lastKnownFileType = sourcecode.c.h; path = LumberjackLogger_Prefix.pch; sourceTree = SOURCE_ROOT; };
		AACBBE490F95108600F1A2B1 /* Foundation.framework */ = {isa = PBXFileReference; lastKnownFileType = wrapper.framework; name = Foundation.framework; path = System/Library/Frameworks/Foundation.framework; sourceTree = SDKROOT; };
		D2AAC07E0554694100DB518D /* libLumberjackLogger.a */ = {isa = PBXFileReference; explicitFileType = archive.ar; includeInIndex = 0; path = libLumberjackLogger.a; sourceTree = BUILT_PRODUCTS_DIR; };
/* End PBXFileReference section */

/* Begin PBXFrameworksBuildPhase section */
		D2AAC07C0554694100DB518D /* Frameworks */ = {
			isa = PBXFrameworksBuildPhase;
			buildActionMask = 2147483647;
			files = (
				AACBBE4A0F95108600F1A2B1 /* Foundation.framework in Frameworks */,
			);
			runOnlyForDeploymentPostprocessing = 0;
		};
/* End PBXFrameworksBuildPhase section */

/* Begin PBXGroup section */
		034768DFFF38A50411DB9C8B /* Products */ = {
			isa = PBXGroup;
			children = (
				D2AAC07E0554694100DB518D /* libLumberjackLogger.a */,
			);
			name = Products;
			sourceTree = "<group>";
		};
		0867D691FE84028FC02AAC07 /* LumberjackLogger */ = {
			isa = PBXGroup;
			children = (
				53E7CC9C144D6C96002A014D /* CocoaLumberjack.h */,
				08FB77AEFE84172EC02AAC07 /* Classes */,
				32C88DFF0371C24200C91783 /* Other Sources */,
				0867D69AFE84028FC02AAC07 /* Frameworks */,
				034768DFFF38A50411DB9C8B /* Products */,
			);
			name = LumberjackLogger;
			sourceTree = "<group>";
		};
		0867D69AFE84028FC02AAC07 /* Frameworks */ = {
			isa = PBXGroup;
			children = (
				AACBBE490F95108600F1A2B1 /* Foundation.framework */,
			);
			name = Frameworks;
			sourceTree = "<group>";
		};
		08FB77AEFE84172EC02AAC07 /* Classes */ = {
			isa = PBXGroup;
			children = (
				530AD60B1446D9A700500989 /* DDAbstractDatabaseLogger.h */,
				530AD60C1446D9A700500989 /* DDAbstractDatabaseLogger.m */,
				530AD60D1446D9A700500989 /* DDASLLogger.h */,
				530AD60E1446D9A700500989 /* DDASLLogger.m */,
				530AD60F1446D9A700500989 /* DDFileLogger.h */,
				530AD6101446D9A700500989 /* DDFileLogger.m */,
				530AD6111446D9A700500989 /* DDLog.h */,
				530AD6121446D9A700500989 /* DDLog.m */,
				530AD6131446D9A700500989 /* DDTTYLogger.h */,
				530AD6141446D9A700500989 /* DDTTYLogger.m */,
				53F0E0B9144DC87E000C49E2 /* DDLogLevelPlaceholder.h */,
			);
			name = Classes;
			sourceTree = "<group>";
		};
		32C88DFF0371C24200C91783 /* Other Sources */ = {
			isa = PBXGroup;
			children = (
				AA747D9E0F9514B9006C5449 /* LumberjackLogger_Prefix.pch */,
			);
			name = "Other Sources";
			sourceTree = "<group>";
		};
/* End PBXGroup section */

/* Begin PBXHeadersBuildPhase section */
		D2AAC07A0554694100DB518D /* Headers */ = {
			isa = PBXHeadersBuildPhase;
			buildActionMask = 2147483647;
			files = (
				AA747D9F0F9514B9006C5449 /* LumberjackLogger_Prefix.pch in Headers */,
				530AD6151446D9A700500989 /* DDAbstractDatabaseLogger.h in Headers */,
				530AD6171446D9A700500989 /* DDASLLogger.h in Headers */,
				530AD6191446D9A700500989 /* DDFileLogger.h in Headers */,
				530AD61B1446D9A700500989 /* DDLog.h in Headers */,
				530AD61D1446D9A700500989 /* DDTTYLogger.h in Headers */,
				53E7CC9D144D6C96002A014D /* CocoaLumberjack.h in Headers */,
				53F0E0BA144DC87E000C49E2 /* DDLogLevelPlaceholder.h in Headers */,
			);
			runOnlyForDeploymentPostprocessing = 0;
		};
/* End PBXHeadersBuildPhase section */

/* Begin PBXNativeTarget section */
		D2AAC07D0554694100DB518D /* LumberjackLogger */ = {
			isa = PBXNativeTarget;
			buildConfigurationList = 1DEB921E08733DC00010E9CD /* Build configuration list for PBXNativeTarget "LumberjackLogger" */;
			buildPhases = (
				D2AAC07A0554694100DB518D /* Headers */,
				D2AAC07B0554694100DB518D /* Sources */,
				D2AAC07C0554694100DB518D /* Frameworks */,
			);
			buildRules = (
			);
			dependencies = (
			);
			name = LumberjackLogger;
			productName = LumberjackLogger;
			productReference = D2AAC07E0554694100DB518D /* libLumberjackLogger.a */;
			productType = "com.apple.product-type.library.static";
		};
/* End PBXNativeTarget section */

/* Begin PBXProject section */
		0867D690FE84028FC02AAC07 /* Project object */ = {
			isa = PBXProject;
			attributes = {
				LastUpgradeCheck = 0420;
			};
			buildConfigurationList = 1DEB922208733DC00010E9CD /* Build configuration list for PBXProject "LumberjackLogger" */;
			compatibilityVersion = "Xcode 3.2";
			developmentRegion = English;
			hasScannedForEncodings = 1;
			knownRegions = (
				English,
				Japanese,
				French,
				German,
			);
			mainGroup = 0867D691FE84028FC02AAC07 /* LumberjackLogger */;
			productRefGroup = 034768DFFF38A50411DB9C8B /* Products */;
			projectDirPath = "";
			projectRoot = "";
			targets = (
				D2AAC07D0554694100DB518D /* LumberjackLogger */,
			);
		};
/* End PBXProject section */

/* Begin PBXSourcesBuildPhase section */
		D2AAC07B0554694100DB518D /* Sources */ = {
			isa = PBXSourcesBuildPhase;
			buildActionMask = 2147483647;
			files = (
				530AD6161446D9A700500989 /* DDAbstractDatabaseLogger.m in Sources */,
				530AD6181446D9A700500989 /* DDASLLogger.m in Sources */,
				530AD61A1446D9A700500989 /* DDFileLogger.m in Sources */,
				530AD61C1446D9A700500989 /* DDLog.m in Sources */,
				530AD61E1446D9A700500989 /* DDTTYLogger.m in Sources */,
			);
			runOnlyForDeploymentPostprocessing = 0;
		};
/* End PBXSourcesBuildPhase section */

/* Begin XCBuildConfiguration section */
		1DEB921F08733DC00010E9CD /* Debug */ = {
			isa = XCBuildConfiguration;
			buildSettings = {
				ALWAYS_SEARCH_USER_PATHS = NO;
				COPY_PHASE_STRIP = NO;
				DSTROOT = /tmp/LumberjackLogger.dst;
				GCC_DYNAMIC_NO_PIC = NO;
				GCC_MODEL_TUNING = G5;
				GCC_OPTIMIZATION_LEVEL = 0;
				GCC_PRECOMPILE_PREFIX_HEADER = YES;
				GCC_PREFIX_HEADER = LumberjackLogger_Prefix.pch;
				INSTALL_PATH = /usr/local/lib;
				PRODUCT_NAME = LumberjackLogger;
			};
			name = Debug;
		};
		1DEB922008733DC00010E9CD /* Release */ = {
			isa = XCBuildConfiguration;
			buildSettings = {
				ALWAYS_SEARCH_USER_PATHS = NO;
				DSTROOT = /tmp/LumberjackLogger.dst;
				GCC_MODEL_TUNING = G5;
				GCC_PRECOMPILE_PREFIX_HEADER = YES;
				GCC_PREFIX_HEADER = LumberjackLogger_Prefix.pch;
				INSTALL_PATH = /usr/local/lib;
				PRODUCT_NAME = LumberjackLogger;
			};
			name = Release;
		};
		1DEB922308733DC00010E9CD /* Debug */ = {
			isa = XCBuildConfiguration;
			buildSettings = {
				ARCHS = "$(ARCHS_STANDARD_32_BIT)";
				GCC_C_LANGUAGE_STANDARD = c99;
				GCC_OPTIMIZATION_LEVEL = 0;
				GCC_WARN_ABOUT_RETURN_TYPE = YES;
				GCC_WARN_UNUSED_VARIABLE = YES;
				OTHER_LDFLAGS = "-ObjC";
				SDKROOT = iphoneos;
			};
			name = Debug;
		};
		1DEB922408733DC00010E9CD /* Release */ = {
			isa = XCBuildConfiguration;
			buildSettings = {
				ARCHS = "$(ARCHS_STANDARD_32_BIT)";
				GCC_C_LANGUAGE_STANDARD = c99;
				GCC_WARN_ABOUT_RETURN_TYPE = YES;
				GCC_WARN_UNUSED_VARIABLE = YES;
				OTHER_LDFLAGS = "-ObjC";
				SDKROOT = iphoneos;
			};
			name = Release;
		};
/* End XCBuildConfiguration section */

/* Begin XCConfigurationList section */
		1DEB921E08733DC00010E9CD /* Build configuration list for PBXNativeTarget "LumberjackLogger" */ = {
			isa = XCConfigurationList;
			buildConfigurations = (
				1DEB921F08733DC00010E9CD /* Debug */,
				1DEB922008733DC00010E9CD /* Release */,
			);
			defaultConfigurationIsVisible = 0;
			defaultConfigurationName = Release;
		};
		1DEB922208733DC00010E9CD /* Build configuration list for PBXProject "LumberjackLogger" */ = {
			isa = XCConfigurationList;
			buildConfigurations = (
				1DEB922308733DC00010E9CD /* Debug */,
				1DEB922408733DC00010E9CD /* Release */,
			);
			defaultConfigurationIsVisible = 0;
			defaultConfigurationName = Release;
		};
/* End XCConfigurationList section */
	};
	rootObject = 0867D690FE84028FC02AAC07 /* Project object */;
}
