// !$*UTF8*$!
{
	archiveVersion = 1;
	classes = {
	};
	objectVersion = 46;
	objects = {

/* Begin PBXBuildFile section */
		00050816ADA1AE636DC9E20D /* Pods_iOS_Tests.framework in Frameworks */ = {isa = PBXBuildFile; fileRef = 6C482E729E790B10F0513D4B /* Pods_iOS_Tests.framework */; };
		127BFA7C51A74CD671B24C5B /* Pods_OS_X_Tests.framework in Frameworks */ = {isa = PBXBuildFile; fileRef = F81D12D74290B60D80C6DA6C /* Pods_OS_X_Tests.framework */; };
		432B534D1AAE43A200843E69 /* DDBasicLoggingTests.m in Sources */ = {isa = PBXBuildFile; fileRef = 432B534C1AAE43A200843E69 /* DDBasicLoggingTests.m */; };
		432B534E1AAE43A200843E69 /* DDBasicLoggingTests.m in Sources */ = {isa = PBXBuildFile; fileRef = 432B534C1AAE43A200843E69 /* DDBasicLoggingTests.m */; };
		E982AAF21AE2C25800088365 /* DDLogTests.m in Sources */ = {isa = PBXBuildFile; fileRef = E982AAF11AE2C25800088365 /* DDLogTests.m */; };
		E982AAF31AE2C25800088365 /* DDLogTests.m in Sources */ = {isa = PBXBuildFile; fileRef = E982AAF11AE2C25800088365 /* DDLogTests.m */; };
		E9D3C9E31AE28AF400E795C5 /* DDLogMessageTests.m in Sources */ = {isa = PBXBuildFile; fileRef = E9D3C9E21AE28AF400E795C5 /* DDLogMessageTests.m */; };
		E9D3C9E41AE28AF400E795C5 /* DDLogMessageTests.m in Sources */ = {isa = PBXBuildFile; fileRef = E9D3C9E21AE28AF400E795C5 /* DDLogMessageTests.m */; };
/* End PBXBuildFile section */

/* Begin PBXFileReference section */
		17864A1A7DAF83090B7162F9 /* Pods-iOS Tests.debug.xcconfig */ = {isa = PBXFileReference; includeInIndex = 1; lastKnownFileType = text.xcconfig; name = "Pods-iOS Tests.debug.xcconfig"; path = "Pods/Target Support Files/Pods-iOS Tests/Pods-iOS Tests.debug.xcconfig"; sourceTree = "<group>"; };
		1FBAD2AEB1CFD13496781C33 /* Pods-iOS Tests.release.xcconfig */ = {isa = PBXFileReference; includeInIndex = 1; lastKnownFileType = text.xcconfig; name = "Pods-iOS Tests.release.xcconfig"; path = "Pods/Target Support Files/Pods-iOS Tests/Pods-iOS Tests.release.xcconfig"; sourceTree = "<group>"; };
		432B53331AAE423E00843E69 /* OS X Tests.xctest */ = {isa = PBXFileReference; explicitFileType = wrapper.cfbundle; includeInIndex = 0; path = "OS X Tests.xctest"; sourceTree = BUILT_PRODUCTS_DIR; };
		432B53401AAE425D00843E69 /* iOS Tests.xctest */ = {isa = PBXFileReference; explicitFileType = wrapper.cfbundle; includeInIndex = 0; path = "iOS Tests.xctest"; sourceTree = BUILT_PRODUCTS_DIR; };
		432B534C1AAE43A200843E69 /* DDBasicLoggingTests.m */ = {isa = PBXFileReference; fileEncoding = 4; lastKnownFileType = sourcecode.c.objc; path = DDBasicLoggingTests.m; sourceTree = "<group>"; };
		6C482E729E790B10F0513D4B /* Pods_iOS_Tests.framework */ = {isa = PBXFileReference; explicitFileType = wrapper.framework; includeInIndex = 0; path = Pods_iOS_Tests.framework; sourceTree = BUILT_PRODUCTS_DIR; };
		70242FDBEF27BBA94EEC35C6 /* Pods-OS X Tests.release.xcconfig */ = {isa = PBXFileReference; includeInIndex = 1; lastKnownFileType = text.xcconfig; name = "Pods-OS X Tests.release.xcconfig"; path = "Pods/Target Support Files/Pods-OS X Tests/Pods-OS X Tests.release.xcconfig"; sourceTree = "<group>"; };
		CCBAE26EBA1DD5C4D8EAF9A6 /* Pods-OS X Tests.debug.xcconfig */ = {isa = PBXFileReference; includeInIndex = 1; lastKnownFileType = text.xcconfig; name = "Pods-OS X Tests.debug.xcconfig"; path = "Pods/Target Support Files/Pods-OS X Tests/Pods-OS X Tests.debug.xcconfig"; sourceTree = "<group>"; };
		DA1B17371AB067EF004705E8 /* Info.plist */ = {isa = PBXFileReference; lastKnownFileType = text.plist.xml; path = Info.plist; sourceTree = "<group>"; };
		E982AAF11AE2C25800088365 /* DDLogTests.m */ = {isa = PBXFileReference; fileEncoding = 4; lastKnownFileType = sourcecode.c.objc; path = DDLogTests.m; sourceTree = "<group>"; };
		E9D3C9E21AE28AF400E795C5 /* DDLogMessageTests.m */ = {isa = PBXFileReference; fileEncoding = 4; lastKnownFileType = sourcecode.c.objc; path = DDLogMessageTests.m; sourceTree = "<group>"; };
		F81D12D74290B60D80C6DA6C /* Pods_OS_X_Tests.framework */ = {isa = PBXFileReference; explicitFileType = wrapper.framework; includeInIndex = 0; path = Pods_OS_X_Tests.framework; sourceTree = BUILT_PRODUCTS_DIR; };
/* End PBXFileReference section */

/* Begin PBXFrameworksBuildPhase section */
		432B53301AAE423E00843E69 /* Frameworks */ = {
			isa = PBXFrameworksBuildPhase;
			buildActionMask = 2147483647;
			files = (
				127BFA7C51A74CD671B24C5B /* Pods_OS_X_Tests.framework in Frameworks */,
			);
			runOnlyForDeploymentPostprocessing = 0;
		};
		432B533D1AAE425D00843E69 /* Frameworks */ = {
			isa = PBXFrameworksBuildPhase;
			buildActionMask = 2147483647;
			files = (
				00050816ADA1AE636DC9E20D /* Pods_iOS_Tests.framework in Frameworks */,
			);
			runOnlyForDeploymentPostprocessing = 0;
		};
/* End PBXFrameworksBuildPhase section */

/* Begin PBXGroup section */
		30ABC3155A7177493EA948DF /* Frameworks */ = {
			isa = PBXGroup;
			children = (
				F81D12D74290B60D80C6DA6C /* Pods_OS_X_Tests.framework */,
				6C482E729E790B10F0513D4B /* Pods_iOS_Tests.framework */,
			);
			name = Frameworks;
			sourceTree = "<group>";
		};
		432B531C1AAE40EB00843E69 = {
			isa = PBXGroup;
			children = (
				DA1B17371AB067EF004705E8 /* Info.plist */,
				432B534B1AAE437D00843E69 /* Tests */,
				432B53261AAE40EB00843E69 /* Products */,
				EE2F739390EADB37CFAD25A4 /* Pods */,
				30ABC3155A7177493EA948DF /* Frameworks */,
			);
			sourceTree = "<group>";
		};
		432B53261AAE40EB00843E69 /* Products */ = {
			isa = PBXGroup;
			children = (
				432B53331AAE423E00843E69 /* OS X Tests.xctest */,
				432B53401AAE425D00843E69 /* iOS Tests.xctest */,
			);
			name = Products;
			sourceTree = "<group>";
		};
		432B534B1AAE437D00843E69 /* Tests */ = {
			isa = PBXGroup;
			children = (
				432B534C1AAE43A200843E69 /* DDBasicLoggingTests.m */,
				E982AAF11AE2C25800088365 /* DDLogTests.m */,
				E9D3C9E21AE28AF400E795C5 /* DDLogMessageTests.m */,
			);
			path = Tests;
			sourceTree = "<group>";
		};
		EE2F739390EADB37CFAD25A4 /* Pods */ = {
			isa = PBXGroup;
			children = (
				CCBAE26EBA1DD5C4D8EAF9A6 /* Pods-OS X Tests.debug.xcconfig */,
				70242FDBEF27BBA94EEC35C6 /* Pods-OS X Tests.release.xcconfig */,
				17864A1A7DAF83090B7162F9 /* Pods-iOS Tests.debug.xcconfig */,
				1FBAD2AEB1CFD13496781C33 /* Pods-iOS Tests.release.xcconfig */,
			);
			name = Pods;
			sourceTree = "<group>";
		};
/* End PBXGroup section */

/* Begin PBXNativeTarget section */
		432B53321AAE423E00843E69 /* OS X Tests */ = {
			isa = PBXNativeTarget;
			buildConfigurationList = 432B53391AAE423E00843E69 /* Build configuration list for PBXNativeTarget "OS X Tests" */;
			buildPhases = (
				16B1521A8EE9E5D5CBE97556 /* [CP] Check Pods Manifest.lock */,
				432B532F1AAE423E00843E69 /* Sources */,
				432B53301AAE423E00843E69 /* Frameworks */,
				432B53311AAE423E00843E69 /* Resources */,
				B801088FC7B4648D3AC5E5AE /* [CP] Embed Pods Frameworks */,
				6DEC9181C5911441D2BA5DEB /* [CP] Copy Pods Resources */,
			);
			buildRules = (
			);
			dependencies = (
			);
			name = "OS X Tests";
			productName = "OS X Tests";
			productReference = 432B53331AAE423E00843E69 /* OS X Tests.xctest */;
			productType = "com.apple.product-type.bundle.unit-test";
		};
		432B533F1AAE425D00843E69 /* iOS Tests */ = {
			isa = PBXNativeTarget;
			buildConfigurationList = 432B53461AAE425E00843E69 /* Build configuration list for PBXNativeTarget "iOS Tests" */;
			buildPhases = (
				5D3C36663DF09474D2F1B66D /* [CP] Check Pods Manifest.lock */,
				432B533C1AAE425D00843E69 /* Sources */,
				432B533D1AAE425D00843E69 /* Frameworks */,
				432B533E1AAE425D00843E69 /* Resources */,
				AD89C7C115865EBCE1F715F3 /* [CP] Embed Pods Frameworks */,
				BAD1DCED40466DD93B18BF56 /* [CP] Copy Pods Resources */,
			);
			buildRules = (
			);
			dependencies = (
			);
			name = "iOS Tests";
			productName = "iOS Tests";
			productReference = 432B53401AAE425D00843E69 /* iOS Tests.xctest */;
			productType = "com.apple.product-type.bundle.unit-test";
		};
/* End PBXNativeTarget section */

/* Begin PBXProject section */
		432B531D1AAE40EB00843E69 /* Project object */ = {
			isa = PBXProject;
			attributes = {
				LastUpgradeCheck = 0910;
				ORGANIZATIONNAME = deusty;
				TargetAttributes = {
					432B53321AAE423E00843E69 = {
						CreatedOnToolsVersion = 6.1.1;
						LastSwiftMigration = 0810;
					};
					432B533F1AAE425D00843E69 = {
						CreatedOnToolsVersion = 6.1.1;
						LastSwiftMigration = 0810;
					};
				};
			};
			buildConfigurationList = 432B53201AAE40EB00843E69 /* Build configuration list for PBXProject "CocoaLumberjack Tests" */;
			compatibilityVersion = "Xcode 3.2";
			developmentRegion = English;
			hasScannedForEncodings = 0;
			knownRegions = (
				en,
			);
			mainGroup = 432B531C1AAE40EB00843E69;
			productRefGroup = 432B53261AAE40EB00843E69 /* Products */;
			projectDirPath = "";
			projectRoot = "";
			targets = (
				432B53321AAE423E00843E69 /* OS X Tests */,
				432B533F1AAE425D00843E69 /* iOS Tests */,
			);
		};
/* End PBXProject section */

/* Begin PBXResourcesBuildPhase section */
		432B53311AAE423E00843E69 /* Resources */ = {
			isa = PBXResourcesBuildPhase;
			buildActionMask = 2147483647;
			files = (
			);
			runOnlyForDeploymentPostprocessing = 0;
		};
		432B533E1AAE425D00843E69 /* Resources */ = {
			isa = PBXResourcesBuildPhase;
			buildActionMask = 2147483647;
			files = (
			);
			runOnlyForDeploymentPostprocessing = 0;
		};
/* End PBXResourcesBuildPhase section */

/* Begin PBXShellScriptBuildPhase section */
		16B1521A8EE9E5D5CBE97556 /* [CP] Check Pods Manifest.lock */ = {
			isa = PBXShellScriptBuildPhase;
			buildActionMask = 2147483647;
			files = (
			);
			inputPaths = (
				"${PODS_PODFILE_DIR_PATH}/Podfile.lock",
				"${PODS_ROOT}/Manifest.lock",
			);
			name = "[CP] Check Pods Manifest.lock";
			outputPaths = (
				"$(DERIVED_FILE_DIR)/Pods-OS X Tests-checkManifestLockResult.txt",
			);
			runOnlyForDeploymentPostprocessing = 0;
			shellPath = /bin/sh;
			shellScript = "diff \"${PODS_PODFILE_DIR_PATH}/Podfile.lock\" \"${PODS_ROOT}/Manifest.lock\" > /dev/null\nif [ $? != 0 ] ; then\n    # print error to STDERR\n    echo \"error: The sandbox is not in sync with the Podfile.lock. Run 'pod install' or update your CocoaPods installation.\" >&2\n    exit 1\nfi\n# This output is used by Xcode 'outputs' to avoid re-running this script phase.\necho \"SUCCESS\" > \"${SCRIPT_OUTPUT_FILE_0}\"\n";
			showEnvVarsInLog = 0;
		};
		5D3C36663DF09474D2F1B66D /* [CP] Check Pods Manifest.lock */ = {
			isa = PBXShellScriptBuildPhase;
			buildActionMask = 2147483647;
			files = (
			);
			inputPaths = (
				"${PODS_PODFILE_DIR_PATH}/Podfile.lock",
				"${PODS_ROOT}/Manifest.lock",
			);
			name = "[CP] Check Pods Manifest.lock";
			outputPaths = (
				"$(DERIVED_FILE_DIR)/Pods-iOS Tests-checkManifestLockResult.txt",
			);
			runOnlyForDeploymentPostprocessing = 0;
			shellPath = /bin/sh;
			shellScript = "diff \"${PODS_PODFILE_DIR_PATH}/Podfile.lock\" \"${PODS_ROOT}/Manifest.lock\" > /dev/null\nif [ $? != 0 ] ; then\n    # print error to STDERR\n    echo \"error: The sandbox is not in sync with the Podfile.lock. Run 'pod install' or update your CocoaPods installation.\" >&2\n    exit 1\nfi\n# This output is used by Xcode 'outputs' to avoid re-running this script phase.\necho \"SUCCESS\" > \"${SCRIPT_OUTPUT_FILE_0}\"\n";
			showEnvVarsInLog = 0;
		};
		6DEC9181C5911441D2BA5DEB /* [CP] Copy Pods Resources */ = {
			isa = PBXShellScriptBuildPhase;
			buildActionMask = 2147483647;
			files = (
			);
			inputPaths = (
			);
			name = "[CP] Copy Pods Resources";
			outputPaths = (
			);
			runOnlyForDeploymentPostprocessing = 0;
			shellPath = /bin/sh;
			shellScript = "\"${SRCROOT}/Pods/Target Support Files/Pods-OS X Tests/Pods-OS X Tests-resources.sh\"\n";
			showEnvVarsInLog = 0;
		};
		AD89C7C115865EBCE1F715F3 /* [CP] Embed Pods Frameworks */ = {
			isa = PBXShellScriptBuildPhase;
			buildActionMask = 2147483647;
			files = (
			);
			inputPaths = (
				"${SRCROOT}/Pods/Target Support Files/Pods-iOS Tests/Pods-iOS Tests-frameworks.sh",
				"${BUILT_PRODUCTS_DIR}/CocoaLumberjack-iOS/CocoaLumberjack.framework",
				"${BUILT_PRODUCTS_DIR}/Expecta-iOS/Expecta.framework",
				"${BUILT_PRODUCTS_DIR}/OCMock-iOS/OCMock.framework",
			);
			name = "[CP] Embed Pods Frameworks";
			outputPaths = (
				"${TARGET_BUILD_DIR}/${FRAMEWORKS_FOLDER_PATH}/CocoaLumberjack.framework",
				"${TARGET_BUILD_DIR}/${FRAMEWORKS_FOLDER_PATH}/Expecta.framework",
				"${TARGET_BUILD_DIR}/${FRAMEWORKS_FOLDER_PATH}/OCMock.framework",
			);
			runOnlyForDeploymentPostprocessing = 0;
			shellPath = /bin/sh;
			shellScript = "\"${SRCROOT}/Pods/Target Support Files/Pods-iOS Tests/Pods-iOS Tests-frameworks.sh\"\n";
			showEnvVarsInLog = 0;
		};
		B801088FC7B4648D3AC5E5AE /* [CP] Embed Pods Frameworks */ = {
			isa = PBXShellScriptBuildPhase;
			buildActionMask = 2147483647;
			files = (
			);
			inputPaths = (
				"${SRCROOT}/Pods/Target Support Files/Pods-OS X Tests/Pods-OS X Tests-frameworks.sh",
				"${BUILT_PRODUCTS_DIR}/CocoaLumberjack-macOS/CocoaLumberjack.framework",
				"${BUILT_PRODUCTS_DIR}/Expecta-macOS/Expecta.framework",
				"${BUILT_PRODUCTS_DIR}/OCMock-macOS/OCMock.framework",
			);
			name = "[CP] Embed Pods Frameworks";
			outputPaths = (
				"${TARGET_BUILD_DIR}/${FRAMEWORKS_FOLDER_PATH}/CocoaLumberjack.framework",
				"${TARGET_BUILD_DIR}/${FRAMEWORKS_FOLDER_PATH}/Expecta.framework",
				"${TARGET_BUILD_DIR}/${FRAMEWORKS_FOLDER_PATH}/OCMock.framework",
			);
			runOnlyForDeploymentPostprocessing = 0;
			shellPath = /bin/sh;
			shellScript = "\"${SRCROOT}/Pods/Target Support Files/Pods-OS X Tests/Pods-OS X Tests-frameworks.sh\"\n";
			showEnvVarsInLog = 0;
		};
		BAD1DCED40466DD93B18BF56 /* [CP] Copy Pods Resources */ = {
			isa = PBXShellScriptBuildPhase;
			buildActionMask = 2147483647;
			files = (
			);
			inputPaths = (
			);
			name = "[CP] Copy Pods Resources";
			outputPaths = (
			);
			runOnlyForDeploymentPostprocessing = 0;
			shellPath = /bin/sh;
			shellScript = "\"${SRCROOT}/Pods/Target Support Files/Pods-iOS Tests/Pods-iOS Tests-resources.sh\"\n";
			showEnvVarsInLog = 0;
		};
/* End PBXShellScriptBuildPhase section */

/* Begin PBXSourcesBuildPhase section */
		432B532F1AAE423E00843E69 /* Sources */ = {
			isa = PBXSourcesBuildPhase;
			buildActionMask = 2147483647;
			files = (
				E982AAF21AE2C25800088365 /* DDLogTests.m in Sources */,
				E9D3C9E31AE28AF400E795C5 /* DDLogMessageTests.m in Sources */,
				432B534D1AAE43A200843E69 /* DDBasicLoggingTests.m in Sources */,
			);
			runOnlyForDeploymentPostprocessing = 0;
		};
		432B533C1AAE425D00843E69 /* Sources */ = {
			isa = PBXSourcesBuildPhase;
			buildActionMask = 2147483647;
			files = (
				E982AAF31AE2C25800088365 /* DDLogTests.m in Sources */,
				E9D3C9E41AE28AF400E795C5 /* DDLogMessageTests.m in Sources */,
				432B534E1AAE43A200843E69 /* DDBasicLoggingTests.m in Sources */,
			);
			runOnlyForDeploymentPostprocessing = 0;
		};
/* End PBXSourcesBuildPhase section */

/* Begin XCBuildConfiguration section */
		432B532A1AAE40EB00843E69 /* Debug */ = {
			isa = XCBuildConfiguration;
			buildSettings = {
				ALWAYS_SEARCH_USER_PATHS = NO;
				CLANG_CXX_LANGUAGE_STANDARD = "gnu++0x";
				CLANG_CXX_LIBRARY = "libc++";
				CLANG_ENABLE_MODULES = YES;
				CLANG_ENABLE_OBJC_ARC = YES;
				CLANG_WARN_BLOCK_CAPTURE_AUTORELEASING = YES;
				CLANG_WARN_BOOL_CONVERSION = YES;
				CLANG_WARN_COMMA = YES;
				CLANG_WARN_CONSTANT_CONVERSION = YES;
				CLANG_WARN_DIRECT_OBJC_ISA_USAGE = YES_ERROR;
				CLANG_WARN_EMPTY_BODY = YES;
				CLANG_WARN_ENUM_CONVERSION = YES;
				CLANG_WARN_INFINITE_RECURSION = YES;
				CLANG_WARN_INT_CONVERSION = YES;
				CLANG_WARN_NON_LITERAL_NULL_CONVERSION = YES;
				CLANG_WARN_OBJC_LITERAL_CONVERSION = YES;
				CLANG_WARN_OBJC_ROOT_CLASS = YES_ERROR;
				CLANG_WARN_RANGE_LOOP_ANALYSIS = YES;
				CLANG_WARN_STRICT_PROTOTYPES = YES;
				CLANG_WARN_SUSPICIOUS_MOVE = YES;
				CLANG_WARN_UNREACHABLE_CODE = YES;
				CLANG_WARN__DUPLICATE_METHOD_MATCH = YES;
				COPY_PHASE_STRIP = NO;
				ENABLE_STRICT_OBJC_MSGSEND = YES;
				ENABLE_TESTABILITY = YES;
				GCC_C_LANGUAGE_STANDARD = gnu99;
				GCC_DYNAMIC_NO_PIC = NO;
				GCC_NO_COMMON_BLOCKS = YES;
				GCC_OPTIMIZATION_LEVEL = 0;
				GCC_PREPROCESSOR_DEFINITIONS = (
					"DEBUG=1",
					"$(inherited)",
				);
				GCC_SYMBOLS_PRIVATE_EXTERN = NO;
				GCC_WARN_64_TO_32_BIT_CONVERSION = YES;
				GCC_WARN_ABOUT_RETURN_TYPE = YES_ERROR;
				GCC_WARN_UNDECLARED_SELECTOR = YES;
				GCC_WARN_UNINITIALIZED_AUTOS = YES_AGGRESSIVE;
				GCC_WARN_UNUSED_FUNCTION = YES;
				GCC_WARN_UNUSED_VARIABLE = YES;
				MACOSX_DEPLOYMENT_TARGET = 10.10;
				MTL_ENABLE_DEBUG_INFO = YES;
				ONLY_ACTIVE_ARCH = YES;
				SDKROOT = macosx;
			};
			name = Debug;
		};
		432B532B1AAE40EB00843E69 /* Release */ = {
			isa = XCBuildConfiguration;
			buildSettings = {
				ALWAYS_SEARCH_USER_PATHS = NO;
				CLANG_CXX_LANGUAGE_STANDARD = "gnu++0x";
				CLANG_CXX_LIBRARY = "libc++";
				CLANG_ENABLE_MODULES = YES;
				CLANG_ENABLE_OBJC_ARC = YES;
				CLANG_WARN_BLOCK_CAPTURE_AUTORELEASING = YES;
				CLANG_WARN_BOOL_CONVERSION = YES;
				CLANG_WARN_COMMA = YES;
				CLANG_WARN_CONSTANT_CONVERSION = YES;
				CLANG_WARN_DIRECT_OBJC_ISA_USAGE = YES_ERROR;
				CLANG_WARN_EMPTY_BODY = YES;
				CLANG_WARN_ENUM_CONVERSION = YES;
				CLANG_WARN_INFINITE_RECURSION = YES;
				CLANG_WARN_INT_CONVERSION = YES;
				CLANG_WARN_NON_LITERAL_NULL_CONVERSION = YES;
				CLANG_WARN_OBJC_LITERAL_CONVERSION = YES;
				CLANG_WARN_OBJC_ROOT_CLASS = YES_ERROR;
				CLANG_WARN_RANGE_LOOP_ANALYSIS = YES;
				CLANG_WARN_STRICT_PROTOTYPES = YES;
				CLANG_WARN_SUSPICIOUS_MOVE = YES;
				CLANG_WARN_UNREACHABLE_CODE = YES;
				CLANG_WARN__DUPLICATE_METHOD_MATCH = YES;
				COPY_PHASE_STRIP = YES;
				DEBUG_INFORMATION_FORMAT = "dwarf-with-dsym";
				ENABLE_NS_ASSERTIONS = NO;
				ENABLE_STRICT_OBJC_MSGSEND = YES;
				GCC_C_LANGUAGE_STANDARD = gnu99;
				GCC_NO_COMMON_BLOCKS = YES;
				GCC_WARN_64_TO_32_BIT_CONVERSION = YES;
				GCC_WARN_ABOUT_RETURN_TYPE = YES_ERROR;
				GCC_WARN_UNDECLARED_SELECTOR = YES;
				GCC_WARN_UNINITIALIZED_AUTOS = YES_AGGRESSIVE;
				GCC_WARN_UNUSED_FUNCTION = YES;
				GCC_WARN_UNUSED_VARIABLE = YES;
				MACOSX_DEPLOYMENT_TARGET = 10.10;
				MTL_ENABLE_DEBUG_INFO = NO;
				SDKROOT = macosx;
			};
			name = Release;
		};
		432B533A1AAE423E00843E69 /* Debug */ = {
			isa = XCBuildConfiguration;
			baseConfigurationReference = CCBAE26EBA1DD5C4D8EAF9A6 /* Pods-OS X Tests.debug.xcconfig */;
			buildSettings = {
				COMBINE_HIDPI_IMAGES = YES;
				FRAMEWORK_SEARCH_PATHS = (
					"$(DEVELOPER_FRAMEWORKS_DIR)",
					"$(inherited)",
				);
				GCC_PREPROCESSOR_DEFINITIONS = (
					"DEBUG=1",
					"$(inherited)",
				);
				INFOPLIST_FILE = Info.plist;
				LD_RUNPATH_SEARCH_PATHS = "$(inherited) @executable_path/../Frameworks @loader_path/../Frameworks";
				PRODUCT_BUNDLE_IDENTIFIER = "com.deusty.$(PRODUCT_NAME:rfc1034identifier)";
				PRODUCT_NAME = "$(TARGET_NAME)";
			};
			name = Debug;
		};
		432B533B1AAE423E00843E69 /* Release */ = {
			isa = XCBuildConfiguration;
			baseConfigurationReference = 70242FDBEF27BBA94EEC35C6 /* Pods-OS X Tests.release.xcconfig */;
			buildSettings = {
				COMBINE_HIDPI_IMAGES = YES;
				FRAMEWORK_SEARCH_PATHS = (
					"$(DEVELOPER_FRAMEWORKS_DIR)",
					"$(inherited)",
				);
				INFOPLIST_FILE = Info.plist;
				LD_RUNPATH_SEARCH_PATHS = "$(inherited) @executable_path/../Frameworks @loader_path/../Frameworks";
				PRODUCT_BUNDLE_IDENTIFIER = "com.deusty.$(PRODUCT_NAME:rfc1034identifier)";
				PRODUCT_NAME = "$(TARGET_NAME)";
			};
			name = Release;
		};
		432B53471AAE425E00843E69 /* Debug */ = {
			isa = XCBuildConfiguration;
			baseConfigurationReference = 17864A1A7DAF83090B7162F9 /* Pods-iOS Tests.debug.xcconfig */;
			buildSettings = {
				GCC_PREPROCESSOR_DEFINITIONS = (
					"DEBUG=1",
					"$(inherited)",
				);
				INFOPLIST_FILE = Info.plist;
				LD_RUNPATH_SEARCH_PATHS = "$(inherited) @executable_path/Frameworks @loader_path/Frameworks";
				PRODUCT_BUNDLE_IDENTIFIER = "com.deusty.$(PRODUCT_NAME:rfc1034identifier)";
				PRODUCT_NAME = "$(TARGET_NAME)";
				SDKROOT = iphoneos;
			};
			name = Debug;
		};
		432B53481AAE425E00843E69 /* Release */ = {
			isa = XCBuildConfiguration;
			baseConfigurationReference = 1FBAD2AEB1CFD13496781C33 /* Pods-iOS Tests.release.xcconfig */;
			buildSettings = {
				INFOPLIST_FILE = Info.plist;
				LD_RUNPATH_SEARCH_PATHS = "$(inherited) @executable_path/Frameworks @loader_path/Frameworks";
				PRODUCT_BUNDLE_IDENTIFIER = "com.deusty.$(PRODUCT_NAME:rfc1034identifier)";
				PRODUCT_NAME = "$(TARGET_NAME)";
				SDKROOT = iphoneos;
				VALIDATE_PRODUCT = YES;
			};
			name = Release;
		};
/* End XCBuildConfiguration section */

/* Begin XCConfigurationList section */
		432B53201AAE40EB00843E69 /* Build configuration list for PBXProject "CocoaLumberjack Tests" */ = {
			isa = XCConfigurationList;
			buildConfigurations = (
				432B532A1AAE40EB00843E69 /* Debug */,
				432B532B1AAE40EB00843E69 /* Release */,
			);
			defaultConfigurationIsVisible = 0;
			defaultConfigurationName = Release;
		};
		432B53391AAE423E00843E69 /* Build configuration list for PBXNativeTarget "OS X Tests" */ = {
			isa = XCConfigurationList;
			buildConfigurations = (
				432B533A1AAE423E00843E69 /* Debug */,
				432B533B1AAE423E00843E69 /* Release */,
			);
			defaultConfigurationIsVisible = 0;
			defaultConfigurationName = Release;
		};
		432B53461AAE425E00843E69 /* Build configuration list for PBXNativeTarget "iOS Tests" */ = {
			isa = XCConfigurationList;
			buildConfigurations = (
				432B53471AAE425E00843E69 /* Debug */,
				432B53481AAE425E00843E69 /* Release */,
			);
			defaultConfigurationIsVisible = 0;
			defaultConfigurationName = Release;
		};
/* End XCConfigurationList section */
	};
	rootObject = 432B531D1AAE40EB00843E69 /* Project object */;
}
